// !$*UTF8*$!
{
	archiveVersion = 1;
	classes = {
	};
	objectVersion = 46;
	objects = {

/* Begin PBXBuildFile section */
		0366651A6FE20E8C11FCC459 /* Icon-144.png in Resources */ = {isa = PBXBuildFile; fileRef = 0C3A698C82583B3FED723E98 /* Icon-144.png */; };
		0617554FDB4F3DA3A9DFE5C7 /* imgui_draw.cpp in Sources */ = {isa = PBXBuildFile; fileRef = B4DB99101AEF462121F712A4 /* imgui_draw.cpp */; };
		06D1BCE1CC65C386EE5C66F5 /* Default-667h@2x.png in Resources */ = {isa = PBXBuildFile; fileRef = 3AB089FA7DC083E39A298475 /* Default-667h@2x.png */; };
		07241F89632CE96783F20D41 /* Icon-50.png in Resources */ = {isa = PBXBuildFile; fileRef = 35DB5D59822D10E0FC16EE54 /* Icon-50.png */; };
		0811FBF2F1C504A31390E11A /* imgui.cpp in Sources */ = {isa = PBXBuildFile; fileRef = 25A6ED16026603DDF247E82A /* imgui.cpp */; };
		1AC6FB21180E996B004C840B /* libcocos2d Mac.a in Frameworks */ = {isa = PBXBuildFile; fileRef = 1AC6FAF9180E9839004C840B /* libcocos2d Mac.a */; };
		1AC6FB30180E99EB004C840B /* libcocos2d iOS.a in Frameworks */ = {isa = PBXBuildFile; fileRef = 1AC6FB07180E9839004C840B /* libcocos2d iOS.a */; };
		1CA24F796F534D1A00F601C4 /* Icon-40.png in Resources */ = {isa = PBXBuildFile; fileRef = 25FE2C064594D2140212C875 /* Icon-40.png */; };
		1D60589F0D05DD5A006BFB54 /* Foundation.framework in Frameworks */ = {isa = PBXBuildFile; fileRef = 1D30AB110D05D00D00671497 /* Foundation.framework */; };
		1DF5F4E00D08C38300B7A737 /* UIKit.framework in Frameworks */ = {isa = PBXBuildFile; fileRef = 1DF5F4DF0D08C38300B7A737 /* UIKit.framework */; };
		288765A50DF7441C002DB57D /* CoreGraphics.framework in Frameworks */ = {isa = PBXBuildFile; fileRef = 288765A40DF7441C002DB57D /* CoreGraphics.framework */; };
		294D0D641D0D56D500F7F5D4 /* CoreText.framework in Frameworks */ = {isa = PBXBuildFile; fileRef = 294D0D631D0D56D500F7F5D4 /* CoreText.framework */; };
		2CFA15923C4C6F7BA45EACD3 /* Default.png in Resources */ = {isa = PBXBuildFile; fileRef = FC4223A955CFB02F48F5DC1D /* Default.png */; };
		361EA32479D09A1A4004C1DE /* Icon-152.png in Resources */ = {isa = PBXBuildFile; fileRef = 1D15D77615B3A54E64C6327F /* Icon-152.png */; };
		447A2F03175434F3C11FCADC /* Icon-120.png in Resources */ = {isa = PBXBuildFile; fileRef = 78AEAECACA943A859C7188E3 /* Icon-120.png */; };
		4ABA6440DD95E8033E891FD1 /* HelloWorldScene.cpp in Sources */ = {isa = PBXBuildFile; fileRef = 8A1E1AD1A8EA2DE8ED04A6E8 /* HelloWorldScene.cpp */; };
		503AE11B17EB9C5A00D1A890 /* IOKit.framework in Frameworks */ = {isa = PBXBuildFile; fileRef = 503AE11A17EB9C5A00D1A890 /* IOKit.framework */; };
		5087E76317EB910900C73F5D /* Foundation.framework in Frameworks */ = {isa = PBXBuildFile; fileRef = 1D30AB110D05D00D00671497 /* Foundation.framework */; };
		5087E76717EB910900C73F5D /* libz.dylib in Frameworks */ = {isa = PBXBuildFile; fileRef = BF170DB412928DE900B8313A /* libz.dylib */; };
		5087E76817EB910900C73F5D /* QuartzCore.framework in Frameworks */ = {isa = PBXBuildFile; fileRef = BF1C47EA1293683800B63C5D /* QuartzCore.framework */; };
		5087E76917EB910900C73F5D /* OpenAL.framework in Frameworks */ = {isa = PBXBuildFile; fileRef = D44C620B132DFF330009C878 /* OpenAL.framework */; };
		5087E76A17EB910900C73F5D /* AVFoundation.framework in Frameworks */ = {isa = PBXBuildFile; fileRef = D44C620D132DFF430009C878 /* AVFoundation.framework */; };
		5087E76B17EB910900C73F5D /* AudioToolbox.framework in Frameworks */ = {isa = PBXBuildFile; fileRef = D44C620F132DFF4E0009C878 /* AudioToolbox.framework */; };
		5087E78917EB974C00C73F5D /* AppKit.framework in Frameworks */ = {isa = PBXBuildFile; fileRef = 5087E78817EB974C00C73F5D /* AppKit.framework */; };
		5087E78B17EB975400C73F5D /* OpenGL.framework in Frameworks */ = {isa = PBXBuildFile; fileRef = 5087E78A17EB975400C73F5D /* OpenGL.framework */; };
		52B47A471A53D09C004E4C60 /* Security.framework in Frameworks */ = {isa = PBXBuildFile; fileRef = 52B47A461A53D09B004E4C60 /* Security.framework */; };
		5A6EEC61947A1EFAC2B61130 /* AppDelegate.cpp in Sources */ = {isa = PBXBuildFile; fileRef = 673AA78FDB01FED9220584C4 /* AppDelegate.cpp */; };
		5B6C7AEBF80CA2A4021DA8F0 /* imgui.cpp in Sources */ = {isa = PBXBuildFile; fileRef = 25A6ED16026603DDF247E82A /* imgui.cpp */; };
		5C8CE1BF94243024AB47F12F /* Icon-180.png in Resources */ = {isa = PBXBuildFile; fileRef = 5529AA806B6B92EDDF041EC0 /* Icon-180.png */; };
		71F04751FDC5B91357BBC9BE /* Icon-87.png in Resources */ = {isa = PBXBuildFile; fileRef = 5A11F0409F37798EA490A1E1 /* Icon-87.png */; };
		7A74EC87D2DE58F08E0A2CBF /* Icon-80.png in Resources */ = {isa = PBXBuildFile; fileRef = 2E210A022CDCB52B6E2151E8 /* Icon-80.png */; };
		8262943E1AAF051F00CB7CF7 /* Security.framework in Frameworks */ = {isa = PBXBuildFile; fileRef = 8262943D1AAF051F00CB7CF7 /* Security.framework */; };
		896FD58AF56D46154954344C /* imgui_draw.cpp in Sources */ = {isa = PBXBuildFile; fileRef = B4DB99101AEF462121F712A4 /* imgui_draw.cpp */; };
		8CBB95BA5ED5505DDB4B2392 /* imgui_impl_desktop.cpp in Sources */ = {isa = PBXBuildFile; fileRef = 7A8D7C72C14446864E11EDDF /* imgui_impl_desktop.cpp */; };
		8D4B7942CCBB492A6E822B9B /* AppDelegate.cpp in Sources */ = {isa = PBXBuildFile; fileRef = 673AA78FDB01FED9220584C4 /* AppDelegate.cpp */; };
		8F44641CF3F5D4E7D3D2B411 /* Icon-58.png in Resources */ = {isa = PBXBuildFile; fileRef = 3CE4C818801F6DCBC418E9CE /* Icon-58.png */; };
		9F18CA179EF57E87DF0D1824 /* HelloWorld.png in Resources */ = {isa = PBXBuildFile; fileRef = 5C15B0F9473977501A7C5AF9 /* HelloWorld.png */; };
		A127B9518A90EDCBCC51E97A /* ImGuiManager.cpp in Sources */ = {isa = PBXBuildFile; fileRef = C789234864A94EFDE284DC7D /* ImGuiManager.cpp */; };
		A9D7B829E3F2BE414324EA76 /* imgui_demo.cpp in Sources */ = {isa = PBXBuildFile; fileRef = F4DFEEEFC6325E843A3AB40E /* imgui_demo.cpp */; };
		AF1B9F82E53B857D6AA8A953 /* ImGuiLayer.cpp in Sources */ = {isa = PBXBuildFile; fileRef = 32887948990363CFBAAF94A4 /* ImGuiLayer.cpp */; };
		B144C83685467C525AF439BD /* Default-736h@3x.png in Resources */ = {isa = PBXBuildFile; fileRef = 82D095EEC885561CD2E9466D /* Default-736h@3x.png */; };
		BD3DB791A27947774888BFCE /* Icon-114.png in Resources */ = {isa = PBXBuildFile; fileRef = 8DB5722ECAAE4673A31D092D /* Icon-114.png */; };
		BF171245129291EC00B8313A /* OpenGLES.framework in Frameworks */ = {isa = PBXBuildFile; fileRef = BF170DB012928DE900B8313A /* OpenGLES.framework */; };
		BF1712471292920000B8313A /* libz.dylib in Frameworks */ = {isa = PBXBuildFile; fileRef = BF170DB412928DE900B8313A /* libz.dylib */; };
		BF1C47F01293687400B63C5D /* QuartzCore.framework in Frameworks */ = {isa = PBXBuildFile; fileRef = BF1C47EA1293683800B63C5D /* QuartzCore.framework */; };
		C6952B279E69D54E1D8600AC /* HelloWorldScene.cpp in Sources */ = {isa = PBXBuildFile; fileRef = 8A1E1AD1A8EA2DE8ED04A6E8 /* HelloWorldScene.cpp */; };
		C7A839E5CA204A911EC3D88E /* Icon-76.png in Resources */ = {isa = PBXBuildFile; fileRef = 5B7FCB2711631C1F4158BEF6 /* Icon-76.png */; };
		D0A91F05E0531CE93DF03B39 /* imgui_impl_desktop.cpp in Sources */ = {isa = PBXBuildFile; fileRef = 7A8D7C72C14446864E11EDDF /* imgui_impl_desktop.cpp */; };
		D44C620C132DFF330009C878 /* OpenAL.framework in Frameworks */ = {isa = PBXBuildFile; fileRef = D44C620B132DFF330009C878 /* OpenAL.framework */; };
		D44C620E132DFF430009C878 /* AVFoundation.framework in Frameworks */ = {isa = PBXBuildFile; fileRef = D44C620D132DFF430009C878 /* AVFoundation.framework */; };
		D44C6210132DFF4E0009C878 /* AudioToolbox.framework in Frameworks */ = {isa = PBXBuildFile; fileRef = D44C620F132DFF4E0009C878 /* AudioToolbox.framework */; };
		D5BCCEEB0418B1F3CE47C007 /* Default-568h@2x.png in Resources */ = {isa = PBXBuildFile; fileRef = FF2A268218ABBC90AC2DC1EA /* Default-568h@2x.png */; };
		D6B0611B1803AB670077942B /* CoreMotion.framework in Frameworks */ = {isa = PBXBuildFile; fileRef = D6B0611A1803AB670077942B /* CoreMotion.framework */; };
		D73FC45BAC6E188451150D88 /* Icon-100.png in Resources */ = {isa = PBXBuildFile; fileRef = 6B5801C74B162A25A0E6C198 /* Icon-100.png */; };
		D81868AC50DE4ECA7FAFC4A0 /* Default-Landscape~ipad.png in Resources */ = {isa = PBXBuildFile; fileRef = 195A67D7EE37183BDA320AEF /* Default-Landscape~ipad.png */; };
		D9D66FA1881A0564B8A99796 /* Default@2x.png in Resources */ = {isa = PBXBuildFile; fileRef = F7BF40B676CE7B6F09D15B3F /* Default@2x.png */; };
		E2AAAF68520F5E923F366CCD /* AppController.mm in Sources */ = {isa = PBXBuildFile; fileRef = 2A6779A8F8FC4B086BABE5C5 /* AppController.mm */; };
		E360146F505E9EBFFACEEBFC /* HelloWorld.png in Resources */ = {isa = PBXBuildFile; fileRef = 5C15B0F9473977501A7C5AF9 /* HelloWorld.png */; };
		E7ECDA7F954C9204A365A138 /* RootViewController.mm in Sources */ = {isa = PBXBuildFile; fileRef = 317896CB3D8491629778FA45 /* RootViewController.mm */; };
		E8535169C59704CAAC89378D /* imgui_demo.cpp in Sources */ = {isa = PBXBuildFile; fileRef = F4DFEEEFC6325E843A3AB40E /* imgui_demo.cpp */; };
		E871038D17372ECF74997206 /* ImGuiLayer.cpp in Sources */ = {isa = PBXBuildFile; fileRef = 32887948990363CFBAAF94A4 /* ImGuiLayer.cpp */; };
		EAB1064CAB4BD1E241E7E4B6 /* Icon.icns in Resources */ = {isa = PBXBuildFile; fileRef = A80337AD61308BBC895FD32B /* Icon.icns */; };
		EBA4E7C47B258D2AB577E519 /* ImGuiManager.cpp in Sources */ = {isa = PBXBuildFile; fileRef = C789234864A94EFDE284DC7D /* ImGuiManager.cpp */; };
		ED545A7C1B68A1F400C3958E /* libiconv.dylib in Frameworks */ = {isa = PBXBuildFile; fileRef = ED545A7B1B68A1F400C3958E /* libiconv.dylib */; };
		ED545A7E1B68A1FA00C3958E /* libiconv.dylib in Frameworks */ = {isa = PBXBuildFile; fileRef = ED545A7D1B68A1FA00C3958E /* libiconv.dylib */; };
		EE0D571B34A1C0D7354F96F7 /* Icon-57.png in Resources */ = {isa = PBXBuildFile; fileRef = CB26B58C3CA4BC5D0AE80761 /* Icon-57.png */; };
		F1A318707F09F39A48559AFE /* Icon-72.png in Resources */ = {isa = PBXBuildFile; fileRef = 661F414DDDC62C949623AD7C /* Icon-72.png */; };
		F1F71DC7EB2748FD7E532F90 /* main.cpp in Sources */ = {isa = PBXBuildFile; fileRef = 64AF18874D1002683882FBA7 /* main.cpp */; };
		FD3D39A5EABD02A414AA0D6C /* Icon-29.png in Resources */ = {isa = PBXBuildFile; fileRef = 3E65DED49A3065904B7D0334 /* Icon-29.png */; };
/* End PBXBuildFile section */

/* Begin PBXContainerItemProxy section */
		1AC6FAF8180E9839004C840B /* PBXContainerItemProxy */ = {
			isa = PBXContainerItemProxy;
			containerPortal = 1AC6FAE5180E9839004C840B /* cocos2d_libs.xcodeproj */;
			proxyType = 2;
			remoteGlobalIDString = 1551A33F158F2AB200E66CFE;
			remoteInfo = "cocos2dx Mac";
		};
		1AC6FB06180E9839004C840B /* PBXContainerItemProxy */ = {
			isa = PBXContainerItemProxy;
			containerPortal = 1AC6FAE5180E9839004C840B /* cocos2d_libs.xcodeproj */;
			proxyType = 2;
			remoteGlobalIDString = A07A4D641783777C0073F6A7;
			remoteInfo = "cocos2dx iOS";
		};
		1AC6FB15180E9959004C840B /* PBXContainerItemProxy */ = {
			isa = PBXContainerItemProxy;
			containerPortal = 1AC6FAE5180E9839004C840B /* cocos2d_libs.xcodeproj */;
			proxyType = 1;
			remoteGlobalIDString = 1551A33E158F2AB200E66CFE;
			remoteInfo = "cocos2dx Mac";
		};
		1AC6FB24180E99E1004C840B /* PBXContainerItemProxy */ = {
			isa = PBXContainerItemProxy;
			containerPortal = 1AC6FAE5180E9839004C840B /* cocos2d_libs.xcodeproj */;
			proxyType = 1;
			remoteGlobalIDString = A07A4C241783777C0073F6A7;
			remoteInfo = "cocos2dx iOS";
		};
/* End PBXContainerItemProxy section */

/* Begin PBXFileReference section */
		0C3A698C82583B3FED723E98 /* Icon-144.png */ = {isa = PBXFileReference; includeInIndex = 1; lastKnownFileType = image.png; name = "Icon-144.png"; path = "../proj.ios_mac/ios/Icon-144.png"; sourceTree = "<group>"; };
		195A67D7EE37183BDA320AEF /* Default-Landscape~ipad.png */ = {isa = PBXFileReference; includeInIndex = 1; lastKnownFileType = image.png; name = "Default-Landscape~ipad.png"; path = "../proj.ios_mac/ios/Default-Landscape~ipad.png"; sourceTree = "<group>"; };
		1AC6FAE5180E9839004C840B /* cocos2d_libs.xcodeproj */ = {isa = PBXFileReference; lastKnownFileType = "wrapper.pb-project"; name = cocos2d_libs.xcodeproj; path = ../cocos2d/build/cocos2d_libs.xcodeproj; sourceTree = "<group>"; };
		1ACB3243164770DE00914215 /* libcurl.a */ = {isa = PBXFileReference; lastKnownFileType = archive.ar; name = libcurl.a; path = ../../cocos2dx/platform/third_party/ios/libraries/libcurl.a; sourceTree = "<group>"; };
		1D15D77615B3A54E64C6327F /* Icon-152.png */ = {isa = PBXFileReference; includeInIndex = 1; lastKnownFileType = image.png; name = "Icon-152.png"; path = "../proj.ios_mac/ios/Icon-152.png"; sourceTree = "<group>"; };
		1D30AB110D05D00D00671497 /* Foundation.framework */ = {isa = PBXFileReference; lastKnownFileType = wrapper.framework; name = Foundation.framework; path = System/Library/Frameworks/Foundation.framework; sourceTree = SDKROOT; };
		1D6058910D05DD3D006BFB54 /* imguix-mobile.app */ = {isa = PBXFileReference; explicitFileType = wrapper.application; includeInIndex = 0; path = "imguix-mobile.app"; sourceTree = BUILT_PRODUCTS_DIR; };
		1DF5F4DF0D08C38300B7A737 /* UIKit.framework */ = {isa = PBXFileReference; lastKnownFileType = wrapper.framework; name = UIKit.framework; path = System/Library/Frameworks/UIKit.framework; sourceTree = SDKROOT; };
		25A6ED16026603DDF247E82A /* imgui.cpp */ = {isa = PBXFileReference; includeInIndex = 1; name = imgui.cpp; path = CCImGui/imgui/imgui.cpp; sourceTree = "<group>"; };
		25FE2C064594D2140212C875 /* Icon-40.png */ = {isa = PBXFileReference; includeInIndex = 1; lastKnownFileType = image.png; name = "Icon-40.png"; path = "../proj.ios_mac/ios/Icon-40.png"; sourceTree = "<group>"; };
		288765A40DF7441C002DB57D /* CoreGraphics.framework */ = {isa = PBXFileReference; lastKnownFileType = wrapper.framework; name = CoreGraphics.framework; path = System/Library/Frameworks/CoreGraphics.framework; sourceTree = SDKROOT; };
		294D0D631D0D56D500F7F5D4 /* CoreText.framework */ = {isa = PBXFileReference; lastKnownFileType = wrapper.framework; name = CoreText.framework; path = Platforms/iPhoneOS.platform/Developer/SDKs/iPhoneOS.sdk/System/Library/Frameworks/CoreText.framework; sourceTree = DEVELOPER_DIR; };
		2A6779A8F8FC4B086BABE5C5 /* AppController.mm */ = {isa = PBXFileReference; includeInIndex = 1; name = AppController.mm; path = ../proj.ios_mac/ios/AppController.mm; sourceTree = "<group>"; };
		2E210A022CDCB52B6E2151E8 /* Icon-80.png */ = {isa = PBXFileReference; includeInIndex = 1; lastKnownFileType = image.png; name = "Icon-80.png"; path = "../proj.ios_mac/ios/Icon-80.png"; sourceTree = "<group>"; };
		317896CB3D8491629778FA45 /* RootViewController.mm */ = {isa = PBXFileReference; includeInIndex = 1; name = RootViewController.mm; path = ../proj.ios_mac/ios/RootViewController.mm; sourceTree = "<group>"; };
		32887948990363CFBAAF94A4 /* ImGuiLayer.cpp */ = {isa = PBXFileReference; includeInIndex = 1; name = ImGuiLayer.cpp; path = CCImGui/ImGuiLayer.cpp; sourceTree = "<group>"; };
		35DB5D59822D10E0FC16EE54 /* Icon-50.png */ = {isa = PBXFileReference; includeInIndex = 1; lastKnownFileType = image.png; name = "Icon-50.png"; path = "../proj.ios_mac/ios/Icon-50.png"; sourceTree = "<group>"; };
		3AB089FA7DC083E39A298475 /* Default-667h@2x.png */ = {isa = PBXFileReference; includeInIndex = 1; lastKnownFileType = image.png; name = "Default-667h@2x.png"; path = "../proj.ios_mac/ios/Default-667h@2x.png"; sourceTree = "<group>"; };
		3CE4C818801F6DCBC418E9CE /* Icon-58.png */ = {isa = PBXFileReference; includeInIndex = 1; lastKnownFileType = image.png; name = "Icon-58.png"; path = "../proj.ios_mac/ios/Icon-58.png"; sourceTree = "<group>"; };
		3E65DED49A3065904B7D0334 /* Icon-29.png */ = {isa = PBXFileReference; includeInIndex = 1; lastKnownFileType = image.png; name = "Icon-29.png"; path = "../proj.ios_mac/ios/Icon-29.png"; sourceTree = "<group>"; };
		503AE0F617EB97AB00D1A890 /* Icon.icns */ = {isa = PBXFileReference; lastKnownFileType = image.icns; path = Icon.icns; sourceTree = "<group>"; };
		503AE0F717EB97AB00D1A890 /* Info.plist */ = {isa = PBXFileReference; fileEncoding = 4; lastKnownFileType = text.plist.xml; path = Info.plist; sourceTree = "<group>"; };
		503AE0FA17EB989F00D1A890 /* AppController.h */ = {isa = PBXFileReference; fileEncoding = 4; lastKnownFileType = sourcecode.c.h; name = AppController.h; path = ios/AppController.h; sourceTree = SOURCE_ROOT; };
		503AE0FB17EB989F00D1A890 /* AppController.mm */ = {isa = PBXFileReference; fileEncoding = 4; lastKnownFileType = sourcecode.cpp.objcpp; name = AppController.mm; path = ios/AppController.mm; sourceTree = SOURCE_ROOT; };
		503AE0FC17EB989F00D1A890 /* main.m */ = {isa = PBXFileReference; fileEncoding = 4; lastKnownFileType = sourcecode.c.objc; name = main.m; path = ios/main.m; sourceTree = SOURCE_ROOT; };
		503AE0FD17EB989F00D1A890 /* Prefix.pch */ = {isa = PBXFileReference; fileEncoding = 4; lastKnownFileType = sourcecode.c.h; name = Prefix.pch; path = ios/Prefix.pch; sourceTree = SOURCE_ROOT; };
		503AE0FE17EB989F00D1A890 /* RootViewController.h */ = {isa = PBXFileReference; fileEncoding = 4; lastKnownFileType = sourcecode.c.h; name = RootViewController.h; path = ios/RootViewController.h; sourceTree = SOURCE_ROOT; };
		503AE0FF17EB989F00D1A890 /* RootViewController.mm */ = {isa = PBXFileReference; fileEncoding = 4; lastKnownFileType = sourcecode.cpp.objcpp; name = RootViewController.mm; path = ios/RootViewController.mm; sourceTree = SOURCE_ROOT; };
		503AE10317EB98FF00D1A890 /* main.cpp */ = {isa = PBXFileReference; fileEncoding = 4; lastKnownFileType = sourcecode.cpp.cpp; name = main.cpp; path = mac/main.cpp; sourceTree = "<group>"; };
		503AE10417EB98FF00D1A890 /* Prefix.pch */ = {isa = PBXFileReference; fileEncoding = 4; lastKnownFileType = sourcecode.c.h; name = Prefix.pch; path = mac/Prefix.pch; sourceTree = "<group>"; };
		503AE11117EB99EE00D1A890 /* libcurl.dylib */ = {isa = PBXFileReference; lastKnownFileType = "compiled.mach-o.dylib"; name = libcurl.dylib; path = usr/lib/libcurl.dylib; sourceTree = SDKROOT; };
		503AE11A17EB9C5A00D1A890 /* IOKit.framework */ = {isa = PBXFileReference; lastKnownFileType = wrapper.framework; name = IOKit.framework; path = System/Library/Frameworks/IOKit.framework; sourceTree = SDKROOT; };
		5087E76F17EB910900C73F5D /* imguix-desktop.app */ = {isa = PBXFileReference; explicitFileType = wrapper.application; includeInIndex = 0; path = "imguix-desktop.app"; sourceTree = BUILT_PRODUCTS_DIR; };
		5087E77217EB970100C73F5D /* Default-568h@2x.png */ = {isa = PBXFileReference; lastKnownFileType = image.png; path = "Default-568h@2x.png"; sourceTree = "<group>"; };
		5087E77317EB970100C73F5D /* Default.png */ = {isa = PBXFileReference; lastKnownFileType = image.png; path = Default.png; sourceTree = "<group>"; };
		5087E77417EB970100C73F5D /* Default@2x.png */ = {isa = PBXFileReference; lastKnownFileType = image.png; path = "Default@2x.png"; sourceTree = "<group>"; };
		5087E77517EB970100C73F5D /* Icon-114.png */ = {isa = PBXFileReference; lastKnownFileType = image.png; path = "Icon-114.png"; sourceTree = "<group>"; };
		5087E77617EB970100C73F5D /* Icon-120.png */ = {isa = PBXFileReference; lastKnownFileType = image.png; path = "Icon-120.png"; sourceTree = "<group>"; };
		5087E77717EB970100C73F5D /* Icon-144.png */ = {isa = PBXFileReference; lastKnownFileType = image.png; path = "Icon-144.png"; sourceTree = "<group>"; };
		5087E77817EB970100C73F5D /* Icon-152.png */ = {isa = PBXFileReference; lastKnownFileType = image.png; path = "Icon-152.png"; sourceTree = "<group>"; };
		5087E77917EB970100C73F5D /* Icon-57.png */ = {isa = PBXFileReference; lastKnownFileType = image.png; path = "Icon-57.png"; sourceTree = "<group>"; };
		5087E77A17EB970100C73F5D /* Icon-72.png */ = {isa = PBXFileReference; lastKnownFileType = image.png; path = "Icon-72.png"; sourceTree = "<group>"; };
		5087E77B17EB970100C73F5D /* Icon-76.png */ = {isa = PBXFileReference; lastKnownFileType = image.png; path = "Icon-76.png"; sourceTree = "<group>"; };
		5087E77C17EB970100C73F5D /* Info.plist */ = {isa = PBXFileReference; fileEncoding = 4; lastKnownFileType = text.plist.xml; path = Info.plist; sourceTree = "<group>"; };
		5087E78817EB974C00C73F5D /* AppKit.framework */ = {isa = PBXFileReference; lastKnownFileType = wrapper.framework; name = AppKit.framework; path = System/Library/Frameworks/AppKit.framework; sourceTree = SDKROOT; };
		5087E78A17EB975400C73F5D /* OpenGL.framework */ = {isa = PBXFileReference; lastKnownFileType = wrapper.framework; name = OpenGL.framework; path = System/Library/Frameworks/OpenGL.framework; sourceTree = SDKROOT; };
		50EF629217ECD46A001EB2F8 /* Icon-40.png */ = {isa = PBXFileReference; lastKnownFileType = image.png; path = "Icon-40.png"; sourceTree = "<group>"; };
		50EF629317ECD46A001EB2F8 /* Icon-58.png */ = {isa = PBXFileReference; lastKnownFileType = image.png; path = "Icon-58.png"; sourceTree = "<group>"; };
		50EF629417ECD46A001EB2F8 /* Icon-80.png */ = {isa = PBXFileReference; lastKnownFileType = image.png; path = "Icon-80.png"; sourceTree = "<group>"; };
		50EF629517ECD46A001EB2F8 /* Icon-100.png */ = {isa = PBXFileReference; lastKnownFileType = image.png; path = "Icon-100.png"; sourceTree = "<group>"; };
		50EF62A017ECD613001EB2F8 /* Icon-29.png */ = {isa = PBXFileReference; lastKnownFileType = image.png; path = "Icon-29.png"; sourceTree = "<group>"; };
		50EF62A117ECD613001EB2F8 /* Icon-50.png */ = {isa = PBXFileReference; lastKnownFileType = image.png; path = "Icon-50.png"; sourceTree = "<group>"; };
		521A8E6219F0C34300D177D7 /* Default-667h@2x.png */ = {isa = PBXFileReference; lastKnownFileType = image.png; path = "Default-667h@2x.png"; sourceTree = "<group>"; };
		521A8E6319F0C34300D177D7 /* Default-736h@3x.png */ = {isa = PBXFileReference; lastKnownFileType = image.png; path = "Default-736h@3x.png"; sourceTree = "<group>"; };
		52B47A461A53D09B004E4C60 /* Security.framework */ = {isa = PBXFileReference; lastKnownFileType = wrapper.framework; name = Security.framework; path = Platforms/iPhoneOS.platform/Developer/SDKs/iPhoneOS.sdk/System/Library/Frameworks/Security.framework; sourceTree = DEVELOPER_DIR; };
		5529AA806B6B92EDDF041EC0 /* Icon-180.png */ = {isa = PBXFileReference; includeInIndex = 1; lastKnownFileType = image.png; name = "Icon-180.png"; path = "../proj.ios_mac/ios/Icon-180.png"; sourceTree = "<group>"; };
		5A11F0409F37798EA490A1E1 /* Icon-87.png */ = {isa = PBXFileReference; includeInIndex = 1; lastKnownFileType = image.png; name = "Icon-87.png"; path = "../proj.ios_mac/ios/Icon-87.png"; sourceTree = "<group>"; };
		5B7FCB2711631C1F4158BEF6 /* Icon-76.png */ = {isa = PBXFileReference; includeInIndex = 1; lastKnownFileType = image.png; name = "Icon-76.png"; path = "../proj.ios_mac/ios/Icon-76.png"; sourceTree = "<group>"; };
		5C15B0F9473977501A7C5AF9 /* HelloWorld.png */ = {isa = PBXFileReference; includeInIndex = 1; lastKnownFileType = image.png; path = HelloWorld.png; sourceTree = "<group>"; };
		64AF18874D1002683882FBA7 /* main.cpp */ = {isa = PBXFileReference; includeInIndex = 1; name = main.cpp; path = ../proj.ios_mac/mac/main.cpp; sourceTree = "<group>"; };
		661F414DDDC62C949623AD7C /* Icon-72.png */ = {isa = PBXFileReference; includeInIndex = 1; lastKnownFileType = image.png; name = "Icon-72.png"; path = "../proj.ios_mac/ios/Icon-72.png"; sourceTree = "<group>"; };
		673AA78FDB01FED9220584C4 /* AppDelegate.cpp */ = {isa = PBXFileReference; includeInIndex = 1; path = AppDelegate.cpp; sourceTree = "<group>"; };
		6B5801C74B162A25A0E6C198 /* Icon-100.png */ = {isa = PBXFileReference; includeInIndex = 1; lastKnownFileType = image.png; name = "Icon-100.png"; path = "../proj.ios_mac/ios/Icon-100.png"; sourceTree = "<group>"; };
		78AEAECACA943A859C7188E3 /* Icon-120.png */ = {isa = PBXFileReference; includeInIndex = 1; lastKnownFileType = image.png; name = "Icon-120.png"; path = "../proj.ios_mac/ios/Icon-120.png"; sourceTree = "<group>"; };
		7A8D7C72C14446864E11EDDF /* imgui_impl_desktop.cpp */ = {isa = PBXFileReference; includeInIndex = 1; name = imgui_impl_desktop.cpp; path = CCImGui/platform/imgui_impl_desktop.cpp; sourceTree = "<group>"; };
		8262943D1AAF051F00CB7CF7 /* Security.framework */ = {isa = PBXFileReference; lastKnownFileType = wrapper.framework; name = Security.framework; path = System/Library/Frameworks/Security.framework; sourceTree = SDKROOT; };
		82D095EEC885561CD2E9466D /* Default-736h@3x.png */ = {isa = PBXFileReference; includeInIndex = 1; lastKnownFileType = image.png; name = "Default-736h@3x.png"; path = "../proj.ios_mac/ios/Default-736h@3x.png"; sourceTree = "<group>"; };
		8A1E1AD1A8EA2DE8ED04A6E8 /* HelloWorldScene.cpp */ = {isa = PBXFileReference; includeInIndex = 1; path = HelloWorldScene.cpp; sourceTree = "<group>"; };
		8DB5722ECAAE4673A31D092D /* Icon-114.png */ = {isa = PBXFileReference; includeInIndex = 1; lastKnownFileType = image.png; name = "Icon-114.png"; path = "../proj.ios_mac/ios/Icon-114.png"; sourceTree = "<group>"; };
		A80337AD61308BBC895FD32B /* Icon.icns */ = {isa = PBXFileReference; includeInIndex = 1; name = Icon.icns; path = ../proj.ios_mac/mac/Icon.icns; sourceTree = "<group>"; };
		B4DB99101AEF462121F712A4 /* imgui_draw.cpp */ = {isa = PBXFileReference; includeInIndex = 1; name = imgui_draw.cpp; path = CCImGui/imgui/imgui_draw.cpp; sourceTree = "<group>"; };
		BF170DB012928DE900B8313A /* OpenGLES.framework */ = {isa = PBXFileReference; lastKnownFileType = wrapper.framework; name = OpenGLES.framework; path = System/Library/Frameworks/OpenGLES.framework; sourceTree = SDKROOT; };
		BF170DB412928DE900B8313A /* libz.dylib */ = {isa = PBXFileReference; lastKnownFileType = "compiled.mach-o.dylib"; name = libz.dylib; path = usr/lib/libz.dylib; sourceTree = SDKROOT; };
		BF1C47EA1293683800B63C5D /* QuartzCore.framework */ = {isa = PBXFileReference; lastKnownFileType = wrapper.framework; name = QuartzCore.framework; path = System/Library/Frameworks/QuartzCore.framework; sourceTree = SDKROOT; };
		C789234864A94EFDE284DC7D /* ImGuiManager.cpp */ = {isa = PBXFileReference; includeInIndex = 1; name = ImGuiManager.cpp; path = CCImGui/ImGuiManager.cpp; sourceTree = "<group>"; };
		CB26B58C3CA4BC5D0AE80761 /* Icon-57.png */ = {isa = PBXFileReference; includeInIndex = 1; lastKnownFileType = image.png; name = "Icon-57.png"; path = "../proj.ios_mac/ios/Icon-57.png"; sourceTree = "<group>"; };
		D44C620B132DFF330009C878 /* OpenAL.framework */ = {isa = PBXFileReference; lastKnownFileType = wrapper.framework; name = OpenAL.framework; path = System/Library/Frameworks/OpenAL.framework; sourceTree = SDKROOT; };
		D44C620D132DFF430009C878 /* AVFoundation.framework */ = {isa = PBXFileReference; lastKnownFileType = wrapper.framework; name = AVFoundation.framework; path = System/Library/Frameworks/AVFoundation.framework; sourceTree = SDKROOT; };
		D44C620F132DFF4E0009C878 /* AudioToolbox.framework */ = {isa = PBXFileReference; lastKnownFileType = wrapper.framework; name = AudioToolbox.framework; path = System/Library/Frameworks/AudioToolbox.framework; sourceTree = SDKROOT; };
		D6B0611A1803AB670077942B /* CoreMotion.framework */ = {isa = PBXFileReference; lastKnownFileType = wrapper.framework; name = CoreMotion.framework; path = Platforms/iPhoneOS.platform/Developer/SDKs/iPhoneOS.sdk/System/Library/Frameworks/CoreMotion.framework; sourceTree = DEVELOPER_DIR; };
		ED545A7B1B68A1F400C3958E /* libiconv.dylib */ = {isa = PBXFileReference; lastKnownFileType = "compiled.mach-o.dylib"; name = libiconv.dylib; path = Platforms/iPhoneOS.platform/Developer/SDKs/iPhoneOS.sdk/usr/lib/libiconv.dylib; sourceTree = DEVELOPER_DIR; };
		ED545A7D1B68A1FA00C3958E /* libiconv.dylib */ = {isa = PBXFileReference; lastKnownFileType = "compiled.mach-o.dylib"; name = libiconv.dylib; path = usr/lib/libiconv.dylib; sourceTree = SDKROOT; };
		F4DFEEEFC6325E843A3AB40E /* imgui_demo.cpp */ = {isa = PBXFileReference; includeInIndex = 1; name = imgui_demo.cpp; path = CCImGui/imgui/imgui_demo.cpp; sourceTree = "<group>"; };
		F7BF40B676CE7B6F09D15B3F /* Default@2x.png */ = {isa = PBXFileReference; includeInIndex = 1; lastKnownFileType = image.png; name = "Default@2x.png"; path = "../proj.ios_mac/ios/Default@2x.png"; sourceTree = "<group>"; };
		FC4223A955CFB02F48F5DC1D /* Default.png */ = {isa = PBXFileReference; includeInIndex = 1; lastKnownFileType = image.png; name = Default.png; path = ../proj.ios_mac/ios/Default.png; sourceTree = "<group>"; };
		FF2A268218ABBC90AC2DC1EA /* Default-568h@2x.png */ = {isa = PBXFileReference; includeInIndex = 1; lastKnownFileType = image.png; name = "Default-568h@2x.png"; path = "../proj.ios_mac/ios/Default-568h@2x.png"; sourceTree = "<group>"; };
/* End PBXFileReference section */

/* Begin PBXFrameworksBuildPhase section */
		1D60588F0D05DD3D006BFB54 /* Frameworks */ = {
			isa = PBXFrameworksBuildPhase;
			buildActionMask = 2147483647;
			files = (
				294D0D641D0D56D500F7F5D4 /* CoreText.framework in Frameworks */,
				ED545A7C1B68A1F400C3958E /* libiconv.dylib in Frameworks */,
				52B47A471A53D09C004E4C60 /* Security.framework in Frameworks */,
				1AC6FB30180E99EB004C840B /* libcocos2d iOS.a in Frameworks */,
				D6B0611B1803AB670077942B /* CoreMotion.framework in Frameworks */,
				1D60589F0D05DD5A006BFB54 /* Foundation.framework in Frameworks */,
				1DF5F4E00D08C38300B7A737 /* UIKit.framework in Frameworks */,
				288765A50DF7441C002DB57D /* CoreGraphics.framework in Frameworks */,
				BF171245129291EC00B8313A /* OpenGLES.framework in Frameworks */,
				BF1712471292920000B8313A /* libz.dylib in Frameworks */,
				BF1C47F01293687400B63C5D /* QuartzCore.framework in Frameworks */,
				D44C620C132DFF330009C878 /* OpenAL.framework in Frameworks */,
				D44C620E132DFF430009C878 /* AVFoundation.framework in Frameworks */,
				D44C6210132DFF4E0009C878 /* AudioToolbox.framework in Frameworks */,
			);
			runOnlyForDeploymentPostprocessing = 0;
		};
		5087E75C17EB910900C73F5D /* Frameworks */ = {
			isa = PBXFrameworksBuildPhase;
			buildActionMask = 2147483647;
			files = (
				ED545A7E1B68A1FA00C3958E /* libiconv.dylib in Frameworks */,
				1AC6FB21180E996B004C840B /* libcocos2d Mac.a in Frameworks */,
				5087E76717EB910900C73F5D /* libz.dylib in Frameworks */,
				8262943E1AAF051F00CB7CF7 /* Security.framework in Frameworks */,
				503AE11B17EB9C5A00D1A890 /* IOKit.framework in Frameworks */,
				5087E78B17EB975400C73F5D /* OpenGL.framework in Frameworks */,
				5087E78917EB974C00C73F5D /* AppKit.framework in Frameworks */,
				5087E76317EB910900C73F5D /* Foundation.framework in Frameworks */,
				5087E76817EB910900C73F5D /* QuartzCore.framework in Frameworks */,
				5087E76917EB910900C73F5D /* OpenAL.framework in Frameworks */,
				5087E76A17EB910900C73F5D /* AVFoundation.framework in Frameworks */,
				5087E76B17EB910900C73F5D /* AudioToolbox.framework in Frameworks */,
			);
			runOnlyForDeploymentPostprocessing = 0;
		};
/* End PBXFrameworksBuildPhase section */

/* Begin PBXGroup section */
		080E96DDFE201D6D7F000001 /* ios */ = {
			isa = PBXGroup;
			children = (
				5087E77117EB970100C73F5D /* Icons */,
				503AE0FA17EB989F00D1A890 /* AppController.h */,
				503AE0FB17EB989F00D1A890 /* AppController.mm */,
				503AE0FC17EB989F00D1A890 /* main.m */,
				503AE0FD17EB989F00D1A890 /* Prefix.pch */,
				503AE0FE17EB989F00D1A890 /* RootViewController.h */,
				503AE0FF17EB989F00D1A890 /* RootViewController.mm */,
			);
			name = ios;
			path = Classes;
			sourceTree = "<group>";
		};
		19C28FACFE9D520D11CA2CBB /* Products */ = {
			isa = PBXGroup;
			children = (
				1D6058910D05DD3D006BFB54 /* imguix-mobile.app */,
				5087E76F17EB910900C73F5D /* imguix-desktop.app */,
			);
			name = Products;
			sourceTree = "<group>";
		};
		1AC6FAE6180E9839004C840B /* Products */ = {
			isa = PBXGroup;
			children = (
				1AC6FAF9180E9839004C840B /* libcocos2d Mac.a */,
				1AC6FB07180E9839004C840B /* libcocos2d iOS.a */,
			);
			name = Products;
			sourceTree = "<group>";
		};
		29B97314FDCFA39411CA2CEA = {
			isa = PBXGroup;
			children = (
				46880B8319C43A87006E1F66 /* Classes */,
				46880B7519C43A67006E1F66 /* Resources */,
				1AC6FAE5180E9839004C840B /* cocos2d_libs.xcodeproj */,
				29B97323FDCFA39411CA2CEA /* Frameworks */,
				080E96DDFE201D6D7F000001 /* ios */,
				503AE10617EB990700D1A890 /* mac */,
				19C28FACFE9D520D11CA2CBB /* Products */,
			);
			name = CustomTemplate;
			sourceTree = "<group>";
		};
		29B97323FDCFA39411CA2CEA /* Frameworks */ = {
			isa = PBXGroup;
			children = (
				294D0D631D0D56D500F7F5D4 /* CoreText.framework */,
				ED545A7D1B68A1FA00C3958E /* libiconv.dylib */,
				ED545A7B1B68A1F400C3958E /* libiconv.dylib */,
				8262943D1AAF051F00CB7CF7 /* Security.framework */,
				52B47A461A53D09B004E4C60 /* Security.framework */,
				D6B0611A1803AB670077942B /* CoreMotion.framework */,
				503AE11A17EB9C5A00D1A890 /* IOKit.framework */,
				503AE11117EB99EE00D1A890 /* libcurl.dylib */,
				5087E78A17EB975400C73F5D /* OpenGL.framework */,
				5087E78817EB974C00C73F5D /* AppKit.framework */,
				1ACB3243164770DE00914215 /* libcurl.a */,
				BF170DB412928DE900B8313A /* libz.dylib */,
				D44C620F132DFF4E0009C878 /* AudioToolbox.framework */,
				D44C620D132DFF430009C878 /* AVFoundation.framework */,
				288765A40DF7441C002DB57D /* CoreGraphics.framework */,
				1D30AB110D05D00D00671497 /* Foundation.framework */,
				D44C620B132DFF330009C878 /* OpenAL.framework */,
				BF170DB012928DE900B8313A /* OpenGLES.framework */,
				BF1C47EA1293683800B63C5D /* QuartzCore.framework */,
				1DF5F4DF0D08C38300B7A737 /* UIKit.framework */,
			);
			name = Frameworks;
			sourceTree = "<group>";
		};
		46880B7519C43A67006E1F66 /* Resources */ = {
			isa = PBXGroup;
			children = (
				FF2A268218ABBC90AC2DC1EA /* Default-568h@2x.png */,
				3AB089FA7DC083E39A298475 /* Default-667h@2x.png */,
				82D095EEC885561CD2E9466D /* Default-736h@3x.png */,
				195A67D7EE37183BDA320AEF /* Default-Landscape~ipad.png */,
				FC4223A955CFB02F48F5DC1D /* Default.png */,
				F7BF40B676CE7B6F09D15B3F /* Default@2x.png */,
				6B5801C74B162A25A0E6C198 /* Icon-100.png */,
				8DB5722ECAAE4673A31D092D /* Icon-114.png */,
				78AEAECACA943A859C7188E3 /* Icon-120.png */,
				0C3A698C82583B3FED723E98 /* Icon-144.png */,
				1D15D77615B3A54E64C6327F /* Icon-152.png */,
				5529AA806B6B92EDDF041EC0 /* Icon-180.png */,
				3E65DED49A3065904B7D0334 /* Icon-29.png */,
				25FE2C064594D2140212C875 /* Icon-40.png */,
				35DB5D59822D10E0FC16EE54 /* Icon-50.png */,
				CB26B58C3CA4BC5D0AE80761 /* Icon-57.png */,
				3CE4C818801F6DCBC418E9CE /* Icon-58.png */,
				661F414DDDC62C949623AD7C /* Icon-72.png */,
				5B7FCB2711631C1F4158BEF6 /* Icon-76.png */,
				2E210A022CDCB52B6E2151E8 /* Icon-80.png */,
				5A11F0409F37798EA490A1E1 /* Icon-87.png */,
				5C15B0F9473977501A7C5AF9 /* HelloWorld.png */,
				A80337AD61308BBC895FD32B /* Icon.icns */,
			);
			name = Resources;
			path = ../Resources;
			sourceTree = "<group>";
		};
		46880B8319C43A87006E1F66 /* Classes */ = {
			isa = PBXGroup;
			children = (
				2A6779A8F8FC4B086BABE5C5 /* AppController.mm */,
				317896CB3D8491629778FA45 /* RootViewController.mm */,
				673AA78FDB01FED9220584C4 /* AppDelegate.cpp */,
				8A1E1AD1A8EA2DE8ED04A6E8 /* HelloWorldScene.cpp */,
				C789234864A94EFDE284DC7D /* ImGuiManager.cpp */,
				32887948990363CFBAAF94A4 /* ImGuiLayer.cpp */,
				25A6ED16026603DDF247E82A /* imgui.cpp */,
				F4DFEEEFC6325E843A3AB40E /* imgui_demo.cpp */,
				B4DB99101AEF462121F712A4 /* imgui_draw.cpp */,
				7A8D7C72C14446864E11EDDF /* imgui_impl_desktop.cpp */,
				64AF18874D1002683882FBA7 /* main.cpp */,
			);
			name = Classes;
			path = ../Classes;
			sourceTree = "<group>";
		};
		503AE0F517EB97AB00D1A890 /* Icons */ = {
			isa = PBXGroup;
			children = (
				503AE0F617EB97AB00D1A890 /* Icon.icns */,
				503AE0F717EB97AB00D1A890 /* Info.plist */,
			);
			name = Icons;
			path = mac;
			sourceTree = SOURCE_ROOT;
		};
		503AE10617EB990700D1A890 /* mac */ = {
			isa = PBXGroup;
			children = (
				503AE0F517EB97AB00D1A890 /* Icons */,
				503AE10317EB98FF00D1A890 /* main.cpp */,
				503AE10417EB98FF00D1A890 /* Prefix.pch */,
			);
			name = mac;
			sourceTree = "<group>";
		};
		5087E77117EB970100C73F5D /* Icons */ = {
			isa = PBXGroup;
			children = (
				521A8E6219F0C34300D177D7 /* Default-667h@2x.png */,
				521A8E6319F0C34300D177D7 /* Default-736h@3x.png */,
				5087E77217EB970100C73F5D /* Default-568h@2x.png */,
				5087E77317EB970100C73F5D /* Default.png */,
				5087E77417EB970100C73F5D /* Default@2x.png */,
				50EF62A017ECD613001EB2F8 /* Icon-29.png */,
				50EF62A117ECD613001EB2F8 /* Icon-50.png */,
				50EF629217ECD46A001EB2F8 /* Icon-40.png */,
				50EF629317ECD46A001EB2F8 /* Icon-58.png */,
				50EF629417ECD46A001EB2F8 /* Icon-80.png */,
				50EF629517ECD46A001EB2F8 /* Icon-100.png */,
				5087E77517EB970100C73F5D /* Icon-114.png */,
				5087E77617EB970100C73F5D /* Icon-120.png */,
				5087E77717EB970100C73F5D /* Icon-144.png */,
				5087E77817EB970100C73F5D /* Icon-152.png */,
				5087E77917EB970100C73F5D /* Icon-57.png */,
				5087E77A17EB970100C73F5D /* Icon-72.png */,
				5087E77B17EB970100C73F5D /* Icon-76.png */,
				5087E77C17EB970100C73F5D /* Info.plist */,
			);
			name = Icons;
			path = ios;
			sourceTree = SOURCE_ROOT;
		};
/* End PBXGroup section */

/* Begin PBXHeadersBuildPhase section */
		6AA3C6C1320A4898EF13DA7E /* Headers */ = {
			isa = PBXHeadersBuildPhase;
			buildActionMask = 2147483647;
			files = (
			);
			runOnlyForDeploymentPostprocessing = 0;
		};
		CB46B3AB4A4931D14344AE36 /* Headers */ = {
			isa = PBXHeadersBuildPhase;
			buildActionMask = 2147483647;
			files = (
			);
			runOnlyForDeploymentPostprocessing = 0;
		};
/* End PBXHeadersBuildPhase section */

/* Begin PBXNativeTarget section */
		1D6058900D05DD3D006BFB54 /* imguix-mobile */ = {
			isa = PBXNativeTarget;
			buildConfigurationList = 1D6058960D05DD3E006BFB54 /* Build configuration list for PBXNativeTarget "imguix-mobile" */;
			buildPhases = (
				1D60588D0D05DD3D006BFB54 /* Resources */,
				1D60588E0D05DD3D006BFB54 /* Sources */,
				1D60588F0D05DD3D006BFB54 /* Frameworks */,
				CB46B3AB4A4931D14344AE36 /* Headers */,
			);
			buildRules = (
			);
			dependencies = (
				1AC6FB25180E99E1004C840B /* PBXTargetDependency */,
			);
			name = "imguix-mobile";
			productName = iphone;
			productReference = 1D6058910D05DD3D006BFB54 /* imguix-mobile.app */;
			productType = "com.apple.product-type.application";
		};
		5087E73D17EB910900C73F5D /* imguix-desktop */ = {
			isa = PBXNativeTarget;
			buildConfigurationList = 5087E76C17EB910900C73F5D /* Build configuration list for PBXNativeTarget "imguix-desktop" */;
			buildPhases = (
				5087E74817EB910900C73F5D /* Resources */,
				5087E75617EB910900C73F5D /* Sources */,
				5087E75C17EB910900C73F5D /* Frameworks */,
				6AA3C6C1320A4898EF13DA7E /* Headers */,
			);
			buildRules = (
			);
			dependencies = (
				1AC6FB16180E9959004C840B /* PBXTargetDependency */,
			);
			name = "imguix-desktop";
			productName = iphone;
			productReference = 5087E76F17EB910900C73F5D /* imguix-desktop.app */;
			productType = "com.apple.product-type.application";
		};
/* End PBXNativeTarget section */

/* Begin PBXProject section */
		29B97313FDCFA39411CA2CEA /* Project object */ = {
			isa = PBXProject;
			attributes = {
				LastUpgradeCheck = 0500;
			};
			buildConfigurationList = C01FCF4E08A954540054247B /* Build configuration list for PBXProject "imguix" */;
			compatibilityVersion = "Xcode 3.2";
			developmentRegion = English;
			hasScannedForEncodings = 1;
			knownRegions = (
				English,
				Japanese,
				French,
				German,
			);
			mainGroup = 29B97314FDCFA39411CA2CEA;
			productRefGroup = 19C28FACFE9D520D11CA2CBB /* Products */;
			projectDirPath = "";
			projectReferences = (
				{
					ProductGroup = 1AC6FAE6180E9839004C840B /* Products */;
					ProjectRef = 1AC6FAE5180E9839004C840B /* cocos2d_libs.xcodeproj */;
				},
			);
			projectRoot = "";
			targets = (
				1D6058900D05DD3D006BFB54 /* imguix-mobile */,
				5087E73D17EB910900C73F5D /* imguix-desktop */,
			);
		};
/* End PBXProject section */

/* Begin PBXReferenceProxy section */
		1AC6FAF9180E9839004C840B /* libcocos2d Mac.a */ = {
			isa = PBXReferenceProxy;
			fileType = archive.ar;
			path = "libcocos2d Mac.a";
			remoteRef = 1AC6FAF8180E9839004C840B /* PBXContainerItemProxy */;
			sourceTree = BUILT_PRODUCTS_DIR;
		};
		1AC6FB07180E9839004C840B /* libcocos2d iOS.a */ = {
			isa = PBXReferenceProxy;
			fileType = archive.ar;
			path = "libcocos2d iOS.a";
			remoteRef = 1AC6FB06180E9839004C840B /* PBXContainerItemProxy */;
			sourceTree = BUILT_PRODUCTS_DIR;
		};
/* End PBXReferenceProxy section */

/* Begin PBXResourcesBuildPhase section */
		1D60588D0D05DD3D006BFB54 /* Resources */ = {
			isa = PBXResourcesBuildPhase;
			buildActionMask = 2147483647;
			files = (
				D5BCCEEB0418B1F3CE47C007 /* Default-568h@2x.png in Resources */,
				06D1BCE1CC65C386EE5C66F5 /* Default-667h@2x.png in Resources */,
				B144C83685467C525AF439BD /* Default-736h@3x.png in Resources */,
				D81868AC50DE4ECA7FAFC4A0 /* Default-Landscape~ipad.png in Resources */,
				2CFA15923C4C6F7BA45EACD3 /* Default.png in Resources */,
				D9D66FA1881A0564B8A99796 /* Default@2x.png in Resources */,
				D73FC45BAC6E188451150D88 /* Icon-100.png in Resources */,
				BD3DB791A27947774888BFCE /* Icon-114.png in Resources */,
				447A2F03175434F3C11FCADC /* Icon-120.png in Resources */,
				0366651A6FE20E8C11FCC459 /* Icon-144.png in Resources */,
				361EA32479D09A1A4004C1DE /* Icon-152.png in Resources */,
				5C8CE1BF94243024AB47F12F /* Icon-180.png in Resources */,
				FD3D39A5EABD02A414AA0D6C /* Icon-29.png in Resources */,
				1CA24F796F534D1A00F601C4 /* Icon-40.png in Resources */,
				07241F89632CE96783F20D41 /* Icon-50.png in Resources */,
				EE0D571B34A1C0D7354F96F7 /* Icon-57.png in Resources */,
				8F44641CF3F5D4E7D3D2B411 /* Icon-58.png in Resources */,
				F1A318707F09F39A48559AFE /* Icon-72.png in Resources */,
				C7A839E5CA204A911EC3D88E /* Icon-76.png in Resources */,
				7A74EC87D2DE58F08E0A2CBF /* Icon-80.png in Resources */,
				71F04751FDC5B91357BBC9BE /* Icon-87.png in Resources */,
				9F18CA179EF57E87DF0D1824 /* HelloWorld.png in Resources */,
			);
			runOnlyForDeploymentPostprocessing = 0;
		};
		5087E74817EB910900C73F5D /* Resources */ = {
			isa = PBXResourcesBuildPhase;
			buildActionMask = 2147483647;
			files = (
				EAB1064CAB4BD1E241E7E4B6 /* Icon.icns in Resources */,
				E360146F505E9EBFFACEEBFC /* HelloWorld.png in Resources */,
			);
			runOnlyForDeploymentPostprocessing = 0;
		};
/* End PBXResourcesBuildPhase section */

/* Begin PBXSourcesBuildPhase section */
		1D60588E0D05DD3D006BFB54 /* Sources */ = {
			isa = PBXSourcesBuildPhase;
			buildActionMask = 2147483647;
			files = (
				E2AAAF68520F5E923F366CCD /* AppController.mm in Sources */,
				E7ECDA7F954C9204A365A138 /* RootViewController.mm in Sources */,
				5A6EEC61947A1EFAC2B61130 /* AppDelegate.cpp in Sources */,
				4ABA6440DD95E8033E891FD1 /* HelloWorldScene.cpp in Sources */,
				A127B9518A90EDCBCC51E97A /* ImGuiManager.cpp in Sources */,
				E871038D17372ECF74997206 /* ImGuiLayer.cpp in Sources */,
				0811FBF2F1C504A31390E11A /* imgui.cpp in Sources */,
				E8535169C59704CAAC89378D /* imgui_demo.cpp in Sources */,
				0617554FDB4F3DA3A9DFE5C7 /* imgui_draw.cpp in Sources */,
				D0A91F05E0531CE93DF03B39 /* imgui_impl_desktop.cpp in Sources */,
			);
			runOnlyForDeploymentPostprocessing = 0;
		};
		5087E75617EB910900C73F5D /* Sources */ = {
			isa = PBXSourcesBuildPhase;
			buildActionMask = 2147483647;
			files = (
				F1F71DC7EB2748FD7E532F90 /* main.cpp in Sources */,
				8D4B7942CCBB492A6E822B9B /* AppDelegate.cpp in Sources */,
				C6952B279E69D54E1D8600AC /* HelloWorldScene.cpp in Sources */,
				EBA4E7C47B258D2AB577E519 /* ImGuiManager.cpp in Sources */,
				AF1B9F82E53B857D6AA8A953 /* ImGuiLayer.cpp in Sources */,
				5B6C7AEBF80CA2A4021DA8F0 /* imgui.cpp in Sources */,
				A9D7B829E3F2BE414324EA76 /* imgui_demo.cpp in Sources */,
				896FD58AF56D46154954344C /* imgui_draw.cpp in Sources */,
				8CBB95BA5ED5505DDB4B2392 /* imgui_impl_desktop.cpp in Sources */,
			);
			runOnlyForDeploymentPostprocessing = 0;
		};
/* End PBXSourcesBuildPhase section */

/* Begin PBXTargetDependency section */
		1AC6FB16180E9959004C840B /* PBXTargetDependency */ = {
			isa = PBXTargetDependency;
			name = "cocos2dx Mac";
			targetProxy = 1AC6FB15180E9959004C840B /* PBXContainerItemProxy */;
		};
		1AC6FB25180E99E1004C840B /* PBXTargetDependency */ = {
			isa = PBXTargetDependency;
			name = "cocos2dx iOS";
			targetProxy = 1AC6FB24180E99E1004C840B /* PBXContainerItemProxy */;
		};
/* End PBXTargetDependency section */

/* Begin XCBuildConfiguration section */
		1D6058940D05DD3E006BFB54 /* Debug */ = {
			isa = XCBuildConfiguration;
			buildSettings = {
				ALWAYS_SEARCH_USER_PATHS = YES;
				CODE_SIGN_IDENTITY = "iPhone Developer";
				COMPRESS_PNG_FILES = NO;
				ENABLE_BITCODE = NO;
				GCC_DYNAMIC_NO_PIC = NO;
				GCC_INLINES_ARE_PRIVATE_EXTERN = NO;
				GCC_PRECOMPILE_PREFIX_HEADER = YES;
				GCC_PREFIX_HEADER = ios/Prefix.pch;
				GCC_PREPROCESSOR_DEFINITIONS = (
					USE_FILE32API,
					"COCOS2D_DEBUG=1",
					"CC_ENABLE_CHIPMUNK_INTEGRATION=1",
					SQLITE_HAS_CODEC,
					"CODEC_TYPE=CODEC_TYPE_AES128",
					"SQLITE_DEFAULT_WAL_SYNCHRONOUS=1",
				);
				GCC_SYMBOLS_PRIVATE_EXTERN = NO;
				HEADER_SEARCH_PATHS = (
					"$(inherited)",
					"$(SRCROOT)/../Classes",
				);
				INFOPLIST_FILE = ios/Info.plist;
				IPHONEOS_DEPLOYMENT_TARGET = 6.0;
				LIBRARY_SEARCH_PATHS = "";
				OTHER_LDFLAGS = (
					"$(_COCOS_LIB_IOS_BEGIN)",
					"$(_COCOS_LIB_IOS_END)",
				);
				SDKROOT = iphoneos;
				STRIP_PNG_TEXT = NO;
				TARGETED_DEVICE_FAMILY = "1,2";
				USER_HEADER_SEARCH_PATHS = "$(_COCOS_HEADER_IOS_BEGIN) $(_COCOS_HEADER_IOS_END)";
				VALID_ARCHS = "arm64 armv7";
			};
			name = Debug;
		};
		1D6058950D05DD3E006BFB54 /* Release */ = {
			isa = XCBuildConfiguration;
			buildSettings = {
				ALWAYS_SEARCH_USER_PATHS = YES;
				CODE_SIGN_IDENTITY = "iPhone Developer";
				COMPRESS_PNG_FILES = NO;
				ENABLE_BITCODE = NO;
				GCC_INLINES_ARE_PRIVATE_EXTERN = NO;
				GCC_PRECOMPILE_PREFIX_HEADER = YES;
				GCC_PREFIX_HEADER = ios/Prefix.pch;
				GCC_PREPROCESSOR_DEFINITIONS = (
					USE_FILE32API,
					"CC_ENABLE_CHIPMUNK_INTEGRATION=1",
					NDEBUG,
					SQLITE_HAS_CODEC,
					"CODEC_TYPE=CODEC_TYPE_AES128",
					"SQLITE_DEFAULT_WAL_SYNCHRONOUS=1",
				);
				GCC_SYMBOLS_PRIVATE_EXTERN = NO;
				HEADER_SEARCH_PATHS = (
					"$(inherited)",
					"$(SRCROOT)/../Classes",
				);
				INFOPLIST_FILE = ios/Info.plist;
				IPHONEOS_DEPLOYMENT_TARGET = 6.0;
				LIBRARY_SEARCH_PATHS = "";
				OTHER_LDFLAGS = (
					"$(_COCOS_LIB_IOS_BEGIN)",
					"$(_COCOS_LIB_IOS_END)",
				);
				SDKROOT = iphoneos;
				STRIP_PNG_TEXT = NO;
				TARGETED_DEVICE_FAMILY = "1,2";
				USER_HEADER_SEARCH_PATHS = "$(_COCOS_HEADER_IOS_BEGIN) $(_COCOS_HEADER_IOS_END)";
				VALID_ARCHS = "arm64 armv7";
			};
			name = Release;
		};
		5087E76D17EB910900C73F5D /* Debug */ = {
			isa = XCBuildConfiguration;
			buildSettings = {
				ALWAYS_SEARCH_USER_PATHS = YES;
				ARCHS = "$(ARCHS_STANDARD_64_BIT)";
				CLANG_CXX_LANGUAGE_STANDARD = "c++0x";
				CLANG_CXX_LIBRARY = "libc++";
				GCC_DYNAMIC_NO_PIC = NO;
				GCC_INLINES_ARE_PRIVATE_EXTERN = NO;
				GCC_PRECOMPILE_PREFIX_HEADER = YES;
				GCC_PREFIX_HEADER = mac/Prefix.pch;
				GCC_PREPROCESSOR_DEFINITIONS = (
					USE_FILE32API,
					"COCOS2D_DEBUG=1",
					"CC_ENABLE_CHIPMUNK_INTEGRATION=1",
					SQLITE_HAS_CODEC,
					"CODEC_TYPE=CODEC_TYPE_AES128",
					"SQLITE_DEFAULT_WAL_SYNCHRONOUS=1",
				);
				GCC_SYMBOLS_PRIVATE_EXTERN = NO;
				HEADER_SEARCH_PATHS = (
					"$(inherited)",
					"$(SRCROOT)/../cocos2d/external/glfw3/include/mac",
					"$(SRCROOT)/../Classes",
				);
				INFOPLIST_FILE = mac/Info.plist;
				LIBRARY_SEARCH_PATHS = "";
				OTHER_LDFLAGS = (
					"$(_COCOS_LIB_MAC_BEGIN)",
					"$(_COCOS_LIB_MAC_END)",
				);
				USER_HEADER_SEARCH_PATHS = "$(_COCOS_HEADER_MAC_BEGIN) $(_COCOS_HEADER_MAC_END)";
			};
			name = Debug;
		};
		5087E76E17EB910900C73F5D /* Release */ = {
			isa = XCBuildConfiguration;
			buildSettings = {
				ALWAYS_SEARCH_USER_PATHS = YES;
				ARCHS = "$(ARCHS_STANDARD_64_BIT)";
				CLANG_CXX_LANGUAGE_STANDARD = "c++0x";
				CLANG_CXX_LIBRARY = "libc++";
				GCC_INLINES_ARE_PRIVATE_EXTERN = NO;
				GCC_PRECOMPILE_PREFIX_HEADER = YES;
				GCC_PREFIX_HEADER = mac/Prefix.pch;
				GCC_PREPROCESSOR_DEFINITIONS = (
					USE_FILE32API,
					"CC_ENABLE_CHIPMUNK_INTEGRATION=1",
					NDEBUG,
					SQLITE_HAS_CODEC,
					"CODEC_TYPE=CODEC_TYPE_AES128",
					"SQLITE_DEFAULT_WAL_SYNCHRONOUS=1",
				);
				GCC_SYMBOLS_PRIVATE_EXTERN = NO;
				HEADER_SEARCH_PATHS = (
					"$(inherited)",
					"$(SRCROOT)/../cocos2d/external/glfw3/include/mac",
					"$(SRCROOT)/../Classes",
				);
				INFOPLIST_FILE = mac/Info.plist;
				LIBRARY_SEARCH_PATHS = "";
				OTHER_LDFLAGS = (
					"$(_COCOS_LIB_MAC_BEGIN)",
					"$(_COCOS_LIB_MAC_END)",
				);
				USER_HEADER_SEARCH_PATHS = "$(_COCOS_HEADER_MAC_BEGIN) $(_COCOS_HEADER_MAC_END)";
			};
			name = Release;
		};
		C01FCF4F08A954540054247B /* Debug */ = {
			isa = XCBuildConfiguration;
			buildSettings = {
				CLANG_CXX_LANGUAGE_STANDARD = "c++0x";
				CLANG_CXX_LIBRARY = "libc++";
				COPY_PHASE_STRIP = NO;
				GCC_OPTIMIZATION_LEVEL = 0;
				GCC_WARN_ABOUT_RETURN_TYPE = YES;
				GCC_WARN_UNUSED_VARIABLE = YES;
				HEADER_SEARCH_PATHS = (
					"$(SRCROOT)/../cocos2d",
					"$(SRCROOT)/../cocos2d/cocos/audio/include",
					"$(SRCROOT)/../cocos2d/cocos",
					"$(SRCROOT)/../cocos2d/extensions",
					"$(SRCROOT)/../cocos2d/external",
					"$(SRCROOT)/../cocos2d/external/chipmunk/include/chipmunk",
					"$(SRCROOT)/../cocos2d/cocos/editor-support",
				);
				IPHONEOS_DEPLOYMENT_TARGET = 6.0;
				MACOSX_DEPLOYMENT_TARGET = 10.7;
				ONLY_ACTIVE_ARCH = YES;
				PRODUCT_NAME = "$(TARGET_NAME)";
				SDKROOT = macosx;
			};
			name = Debug;
		};
		C01FCF5008A954540054247B /* Release */ = {
			isa = XCBuildConfiguration;
			buildSettings = {
				CLANG_CXX_LANGUAGE_STANDARD = "c++0x";
				CLANG_CXX_LIBRARY = "libc++";
				GCC_WARN_ABOUT_RETURN_TYPE = YES;
				GCC_WARN_UNUSED_VARIABLE = YES;
				HEADER_SEARCH_PATHS = (
					"$(SRCROOT)/../cocos2d",
					"$(SRCROOT)/../cocos2d/cocos/audio/include",
					"$(SRCROOT)/../cocos2d/cocos",
					"$(SRCROOT)/../cocos2d/extensions",
					"$(SRCROOT)/../cocos2d/external",
					"$(SRCROOT)/../cocos2d/external/chipmunk/include/chipmunk",
					"$(SRCROOT)/../cocos2d/cocos/editor-support",
				);
				IPHONEOS_DEPLOYMENT_TARGET = 6.0;
				MACOSX_DEPLOYMENT_TARGET = 10.7;
				OTHER_CFLAGS = "-DNS_BLOCK_ASSERTIONS=1";
				PRODUCT_NAME = "$(TARGET_NAME)";
				SDKROOT = macosx;
				VALIDATE_PRODUCT = YES;
			};
			name = Release;
		};
/* End XCBuildConfiguration section */

/* Begin XCConfigurationList section */
		1D6058960D05DD3E006BFB54 /* Build configuration list for PBXNativeTarget "imguix-mobile" */ = {
			isa = XCConfigurationList;
			buildConfigurations = (
				1D6058940D05DD3E006BFB54 /* Debug */,
				1D6058950D05DD3E006BFB54 /* Release */,
			);
			defaultConfigurationIsVisible = 0;
			defaultConfigurationName = Debug;
		};
		5087E76C17EB910900C73F5D /* Build configuration list for PBXNativeTarget "imguix-desktop" */ = {
			isa = XCConfigurationList;
			buildConfigurations = (
				5087E76D17EB910900C73F5D /* Debug */,
				5087E76E17EB910900C73F5D /* Release */,
			);
			defaultConfigurationIsVisible = 0;
			defaultConfigurationName = Debug;
		};
		C01FCF4E08A954540054247B /* Build configuration list for PBXProject "imguix" */ = {
			isa = XCConfigurationList;
			buildConfigurations = (
				C01FCF4F08A954540054247B /* Debug */,
				C01FCF5008A954540054247B /* Release */,
			);
			defaultConfigurationIsVisible = 0;
			defaultConfigurationName = Debug;
		};
/* End XCConfigurationList section */
	};
	rootObject = 29B97313FDCFA39411CA2CEA /* Project object */;
}
