// !$*UTF8*$!
{
	archiveVersion = 1;
	classes = {
	};
	objectVersion = 46;
	objects = {

/* Begin PBXBuildFile section */
		074CE0C1EFA75F57B7BDD70E /* Icon.icns in Resources */ = {isa = PBXBuildFile; fileRef = E211DCEABBC9DE0D0434B512 /* Icon.icns */; };
		09AEE0A67AEBCDD69FC16CB0 /* ImGuiManager.cpp in Sources */ = {isa = PBXBuildFile; fileRef = 499B8314FD7E79EF20F77F2D /* ImGuiManager.cpp */; };
		0C1E8F19FF67719CCD8F3C67 /* AppDelegate.cpp in Sources */ = {isa = PBXBuildFile; fileRef = 98EBE3C29E85A8653FAA4261 /* AppDelegate.cpp */; };
		0EA76D8DE7AA0AFBFD6B33EE /* Icon-72.png in Resources */ = {isa = PBXBuildFile; fileRef = 78AAD3BA15C634771A116D9E /* Icon-72.png */; };
		10BC5765571FC80755D10499 /* imgui_impl_glfw_linux_mac.cpp in Sources */ = {isa = PBXBuildFile; fileRef = 6FFB844A05956A479345A416 /* imgui_impl_glfw_linux_mac.cpp */; };
		18116A313EF1EDB3A9171450 /* AppDelegate.cpp in Sources */ = {isa = PBXBuildFile; fileRef = 98EBE3C29E85A8653FAA4261 /* AppDelegate.cpp */; };
		1AC6FB21180E996B004C840B /* libcocos2d Mac.a in Frameworks */ = {isa = PBXBuildFile; fileRef = 1AC6FAF9180E9839004C840B /* libcocos2d Mac.a */; };
		1AC6FB30180E99EB004C840B /* libcocos2d iOS.a in Frameworks */ = {isa = PBXBuildFile; fileRef = 1AC6FB07180E9839004C840B /* libcocos2d iOS.a */; };
		1D60589F0D05DD5A006BFB54 /* Foundation.framework in Frameworks */ = {isa = PBXBuildFile; fileRef = 1D30AB110D05D00D00671497 /* Foundation.framework */; };
		1DF5F4E00D08C38300B7A737 /* UIKit.framework in Frameworks */ = {isa = PBXBuildFile; fileRef = 1DF5F4DF0D08C38300B7A737 /* UIKit.framework */; };
		20DB8202746309291E068CDA /* Icon-50.png in Resources */ = {isa = PBXBuildFile; fileRef = D9FB7656E042E82E3073D2AB /* Icon-50.png */; };
		24279456146C9177B7FC64C5 /* imgui_demo.cpp in Sources */ = {isa = PBXBuildFile; fileRef = CB4E7EBA16CA378ED637CC9A /* imgui_demo.cpp */; };
		24EF44139471EA3A28DF0614 /* main.cpp in Sources */ = {isa = PBXBuildFile; fileRef = 256BC42945DEDEC791666869 /* main.cpp */; };
		272A85FA27C5EC63DC8C8874 /* Icon-29.png in Resources */ = {isa = PBXBuildFile; fileRef = B1A441686C7ACB5D3EDD9EBD /* Icon-29.png */; };
		288765A50DF7441C002DB57D /* CoreGraphics.framework in Frameworks */ = {isa = PBXBuildFile; fileRef = 288765A40DF7441C002DB57D /* CoreGraphics.framework */; };
		294D0D641D0D56D500F7F5D4 /* CoreText.framework in Frameworks */ = {isa = PBXBuildFile; fileRef = 294D0D631D0D56D500F7F5D4 /* CoreText.framework */; };
		2F3138075C01E94C5F9A5935 /* Icon-87.png in Resources */ = {isa = PBXBuildFile; fileRef = CE41ADCDDF063C3DB731560E /* Icon-87.png */; };
		4C7A74E2C20A242C3148A3CE /* Icon-100.png in Resources */ = {isa = PBXBuildFile; fileRef = B58E183A0329F139E7E0F870 /* Icon-100.png */; };
		503AE11B17EB9C5A00D1A890 /* IOKit.framework in Frameworks */ = {isa = PBXBuildFile; fileRef = 503AE11A17EB9C5A00D1A890 /* IOKit.framework */; };
		5087E76317EB910900C73F5D /* Foundation.framework in Frameworks */ = {isa = PBXBuildFile; fileRef = 1D30AB110D05D00D00671497 /* Foundation.framework */; };
		5087E76717EB910900C73F5D /* libz.dylib in Frameworks */ = {isa = PBXBuildFile; fileRef = BF170DB412928DE900B8313A /* libz.dylib */; };
		5087E76817EB910900C73F5D /* QuartzCore.framework in Frameworks */ = {isa = PBXBuildFile; fileRef = BF1C47EA1293683800B63C5D /* QuartzCore.framework */; };
		5087E76917EB910900C73F5D /* OpenAL.framework in Frameworks */ = {isa = PBXBuildFile; fileRef = D44C620B132DFF330009C878 /* OpenAL.framework */; };
		5087E76A17EB910900C73F5D /* AVFoundation.framework in Frameworks */ = {isa = PBXBuildFile; fileRef = D44C620D132DFF430009C878 /* AVFoundation.framework */; };
		5087E76B17EB910900C73F5D /* AudioToolbox.framework in Frameworks */ = {isa = PBXBuildFile; fileRef = D44C620F132DFF4E0009C878 /* AudioToolbox.framework */; };
		5087E78917EB974C00C73F5D /* AppKit.framework in Frameworks */ = {isa = PBXBuildFile; fileRef = 5087E78817EB974C00C73F5D /* AppKit.framework */; };
		5087E78B17EB975400C73F5D /* OpenGL.framework in Frameworks */ = {isa = PBXBuildFile; fileRef = 5087E78A17EB975400C73F5D /* OpenGL.framework */; };
		52B47A471A53D09C004E4C60 /* Security.framework in Frameworks */ = {isa = PBXBuildFile; fileRef = 52B47A461A53D09B004E4C60 /* Security.framework */; };
		57E6862128C31F0C63786C52 /* HelloWorldScene.cpp in Sources */ = {isa = PBXBuildFile; fileRef = 4CA7F48F9C3D1CDB7D54FE23 /* HelloWorldScene.cpp */; };
		60AF1A02F267B9018E4DF3B1 /* imgui_draw.cpp in Sources */ = {isa = PBXBuildFile; fileRef = 873FD89B004F3721C3B196C0 /* imgui_draw.cpp */; };
		646085D5C11C5D2F465DE434 /* imgui_impl_glfw_linux_mac.cpp in Sources */ = {isa = PBXBuildFile; fileRef = 6FFB844A05956A479345A416 /* imgui_impl_glfw_linux_mac.cpp */; };
		661291BBA9774749E9A9A0E4 /* HelloWorld.png in Resources */ = {isa = PBXBuildFile; fileRef = 81D60C7FD7E0C3653C38AF90 /* HelloWorld.png */; };
		66647950A25BAF984DB29960 /* Default-Landscape~ipad.png in Resources */ = {isa = PBXBuildFile; fileRef = 1211301853DF734057D775C9 /* Default-Landscape~ipad.png */; };
		6DEB63CE8D134C5B19A2D608 /* Icon-152.png in Resources */ = {isa = PBXBuildFile; fileRef = 26DDB89185FEC89057D1F332 /* Icon-152.png */; };
		732D6E8FBE0368D033ED0BF1 /* imgui.cpp in Sources */ = {isa = PBXBuildFile; fileRef = 0775DCCBE51C252ED4D201BF /* imgui.cpp */; };
		73ABA39A6D051BD56EE23C4B /* Icon-80.png in Resources */ = {isa = PBXBuildFile; fileRef = 4412C44E4A205CB9A11A5B16 /* Icon-80.png */; };
		742E38BB25406F4E5A3AD1C8 /* Default@2x.png in Resources */ = {isa = PBXBuildFile; fileRef = 9D19245613CDC564E4F58E3A /* Default@2x.png */; };
		77EAD5AAD4B9029F299E5DB8 /* HelloWorldScene.cpp in Sources */ = {isa = PBXBuildFile; fileRef = 4CA7F48F9C3D1CDB7D54FE23 /* HelloWorldScene.cpp */; };
		8262943E1AAF051F00CB7CF7 /* Security.framework in Frameworks */ = {isa = PBXBuildFile; fileRef = 8262943D1AAF051F00CB7CF7 /* Security.framework */; };
		862D33FE80028CFF79DE3B1E /* Icon-180.png in Resources */ = {isa = PBXBuildFile; fileRef = 906E15069345E15F4856662D /* Icon-180.png */; };
		919E535493AE8AE7C3FA750E /* ImGuiLayer.cpp in Sources */ = {isa = PBXBuildFile; fileRef = 2727F581C226B04ADB3F5BA7 /* ImGuiLayer.cpp */; };
		9778D58D76736B67BE07A103 /* ImGuiLayer.cpp in Sources */ = {isa = PBXBuildFile; fileRef = 2727F581C226B04ADB3F5BA7 /* ImGuiLayer.cpp */; };
		9D5BC65DECB8025DFFF83F52 /* Default-736h@3x.png in Resources */ = {isa = PBXBuildFile; fileRef = 8868A69D434AFA5B17B4FEC0 /* Default-736h@3x.png */; };
		9DB87781A8F6CC17596CF50F /* Icon-114.png in Resources */ = {isa = PBXBuildFile; fileRef = 0F0689EA9EC8F7C3746677E7 /* Icon-114.png */; };
		9F59D9FE33154E3BFF9DFD57 /* HelloWorld.png in Resources */ = {isa = PBXBuildFile; fileRef = 81D60C7FD7E0C3653C38AF90 /* HelloWorld.png */; };
		A7A2ECB933EC40962CC1FEF5 /* imgui.cpp in Sources */ = {isa = PBXBuildFile; fileRef = 0775DCCBE51C252ED4D201BF /* imgui.cpp */; };
		A97582DC372C83E7FAF378F0 /* imgui_demo.cpp in Sources */ = {isa = PBXBuildFile; fileRef = CB4E7EBA16CA378ED637CC9A /* imgui_demo.cpp */; };
		B0A5E5741B828F0AEB5E10BF /* Icon-76.png in Resources */ = {isa = PBXBuildFile; fileRef = 5B738C0DE4C0E7D31932A2B2 /* Icon-76.png */; };
		B1BBE5914D3BAAACEC62D23E /* ImGuiManager.cpp in Sources */ = {isa = PBXBuildFile; fileRef = 499B8314FD7E79EF20F77F2D /* ImGuiManager.cpp */; };
		B2BCD4C2DB0A5B20B25F3D89 /* Default-568h@2x.png in Resources */ = {isa = PBXBuildFile; fileRef = 157271ECE6B8F7F665597EF1 /* Default-568h@2x.png */; };
		BBE0C17386D7494D24E48DC0 /* imgui_draw.cpp in Sources */ = {isa = PBXBuildFile; fileRef = 873FD89B004F3721C3B196C0 /* imgui_draw.cpp */; };
		BF171245129291EC00B8313A /* OpenGLES.framework in Frameworks */ = {isa = PBXBuildFile; fileRef = BF170DB012928DE900B8313A /* OpenGLES.framework */; };
		BF1712471292920000B8313A /* libz.dylib in Frameworks */ = {isa = PBXBuildFile; fileRef = BF170DB412928DE900B8313A /* libz.dylib */; };
		BF1C47F01293687400B63C5D /* QuartzCore.framework in Frameworks */ = {isa = PBXBuildFile; fileRef = BF1C47EA1293683800B63C5D /* QuartzCore.framework */; };
		C20588144192E38FCDC6A4CE /* Icon-120.png in Resources */ = {isa = PBXBuildFile; fileRef = 012278CB42A29DFB8CBC6499 /* Icon-120.png */; };
		C5E32B3EDBAB1E65B6A012F5 /* Icon-58.png in Resources */ = {isa = PBXBuildFile; fileRef = ECCD89F24BDAA79CA9ACF1AF /* Icon-58.png */; };
		C80A6F251E07C5190BB7A0C4 /* AppController.mm in Sources */ = {isa = PBXBuildFile; fileRef = FD23C4AE0A48288A7D1AD34A /* AppController.mm */; };
		D44C620C132DFF330009C878 /* OpenAL.framework in Frameworks */ = {isa = PBXBuildFile; fileRef = D44C620B132DFF330009C878 /* OpenAL.framework */; };
		D44C620E132DFF430009C878 /* AVFoundation.framework in Frameworks */ = {isa = PBXBuildFile; fileRef = D44C620D132DFF430009C878 /* AVFoundation.framework */; };
		D44C6210132DFF4E0009C878 /* AudioToolbox.framework in Frameworks */ = {isa = PBXBuildFile; fileRef = D44C620F132DFF4E0009C878 /* AudioToolbox.framework */; };
		D6B0611B1803AB670077942B /* CoreMotion.framework in Frameworks */ = {isa = PBXBuildFile; fileRef = D6B0611A1803AB670077942B /* CoreMotion.framework */; };
		DC54404FD6667A496A7929EA /* Icon-144.png in Resources */ = {isa = PBXBuildFile; fileRef = 18F2164A0AE884EC57E86993 /* Icon-144.png */; };
		E2245F8E96F67751DA13D754 /* Default.png in Resources */ = {isa = PBXBuildFile; fileRef = E8CC585AEDB6D694DF7447B4 /* Default.png */; };
		E3DDED65067508B123CCA0AC /* RootViewController.mm in Sources */ = {isa = PBXBuildFile; fileRef = 94029528EA9E0F5C31D4D118 /* RootViewController.mm */; };
		E4450BFF7BAECA1202B04D22 /* Default-667h@2x.png in Resources */ = {isa = PBXBuildFile; fileRef = 17ABF8D225A483E41848E6D1 /* Default-667h@2x.png */; };
		ED545A7C1B68A1F400C3958E /* libiconv.dylib in Frameworks */ = {isa = PBXBuildFile; fileRef = ED545A7B1B68A1F400C3958E /* libiconv.dylib */; };
		ED545A7E1B68A1FA00C3958E /* libiconv.dylib in Frameworks */ = {isa = PBXBuildFile; fileRef = ED545A7D1B68A1FA00C3958E /* libiconv.dylib */; };
		EE9CBBBDEBABF4C209AF845A /* Icon-40.png in Resources */ = {isa = PBXBuildFile; fileRef = BA45669B21FA8ABCB04755B8 /* Icon-40.png */; };
		F99AD41FC0D0F05CDA38F891 /* Icon-57.png in Resources */ = {isa = PBXBuildFile; fileRef = 98390A20B79663B9B56B747B /* Icon-57.png */; };
/* End PBXBuildFile section */

/* Begin PBXContainerItemProxy section */
		1AC6FAF8180E9839004C840B /* PBXContainerItemProxy */ = {
			isa = PBXContainerItemProxy;
			containerPortal = 1AC6FAE5180E9839004C840B /* cocos2d_libs.xcodeproj */;
			proxyType = 2;
			remoteGlobalIDString = 1551A33F158F2AB200E66CFE;
			remoteInfo = "cocos2dx Mac";
		};
		1AC6FB06180E9839004C840B /* PBXContainerItemProxy */ = {
			isa = PBXContainerItemProxy;
			containerPortal = 1AC6FAE5180E9839004C840B /* cocos2d_libs.xcodeproj */;
			proxyType = 2;
			remoteGlobalIDString = A07A4D641783777C0073F6A7;
			remoteInfo = "cocos2dx iOS";
		};
		1AC6FB15180E9959004C840B /* PBXContainerItemProxy */ = {
			isa = PBXContainerItemProxy;
			containerPortal = 1AC6FAE5180E9839004C840B /* cocos2d_libs.xcodeproj */;
			proxyType = 1;
			remoteGlobalIDString = 1551A33E158F2AB200E66CFE;
			remoteInfo = "cocos2dx Mac";
		};
		1AC6FB24180E99E1004C840B /* PBXContainerItemProxy */ = {
			isa = PBXContainerItemProxy;
			containerPortal = 1AC6FAE5180E9839004C840B /* cocos2d_libs.xcodeproj */;
			proxyType = 1;
			remoteGlobalIDString = A07A4C241783777C0073F6A7;
			remoteInfo = "cocos2dx iOS";
		};
/* End PBXContainerItemProxy section */

/* Begin PBXFileReference section */
		012278CB42A29DFB8CBC6499 /* Icon-120.png */ = {isa = PBXFileReference; includeInIndex = 1; lastKnownFileType = image.png; name = "Icon-120.png"; path = "../proj.ios_mac/ios/Icon-120.png"; sourceTree = "<group>"; };
		0775DCCBE51C252ED4D201BF /* imgui.cpp */ = {isa = PBXFileReference; includeInIndex = 1; name = imgui.cpp; path = CCImGui/imgui/imgui.cpp; sourceTree = "<group>"; };
		0F0689EA9EC8F7C3746677E7 /* Icon-114.png */ = {isa = PBXFileReference; includeInIndex = 1; lastKnownFileType = image.png; name = "Icon-114.png"; path = "../proj.ios_mac/ios/Icon-114.png"; sourceTree = "<group>"; };
		1211301853DF734057D775C9 /* Default-Landscape~ipad.png */ = {isa = PBXFileReference; includeInIndex = 1; lastKnownFileType = image.png; name = "Default-Landscape~ipad.png"; path = "../proj.ios_mac/ios/Default-Landscape~ipad.png"; sourceTree = "<group>"; };
		157271ECE6B8F7F665597EF1 /* Default-568h@2x.png */ = {isa = PBXFileReference; includeInIndex = 1; lastKnownFileType = image.png; name = "Default-568h@2x.png"; path = "../proj.ios_mac/ios/Default-568h@2x.png"; sourceTree = "<group>"; };
		17ABF8D225A483E41848E6D1 /* Default-667h@2x.png */ = {isa = PBXFileReference; includeInIndex = 1; lastKnownFileType = image.png; name = "Default-667h@2x.png"; path = "../proj.ios_mac/ios/Default-667h@2x.png"; sourceTree = "<group>"; };
		18F2164A0AE884EC57E86993 /* Icon-144.png */ = {isa = PBXFileReference; includeInIndex = 1; lastKnownFileType = image.png; name = "Icon-144.png"; path = "../proj.ios_mac/ios/Icon-144.png"; sourceTree = "<group>"; };
		1AC6FAE5180E9839004C840B /* cocos2d_libs.xcodeproj */ = {isa = PBXFileReference; lastKnownFileType = "wrapper.pb-project"; name = cocos2d_libs.xcodeproj; path = ../cocos2d/build/cocos2d_libs.xcodeproj; sourceTree = "<group>"; };
		1ACB3243164770DE00914215 /* libcurl.a */ = {isa = PBXFileReference; lastKnownFileType = archive.ar; name = libcurl.a; path = ../../cocos2dx/platform/third_party/ios/libraries/libcurl.a; sourceTree = "<group>"; };
		1D30AB110D05D00D00671497 /* Foundation.framework */ = {isa = PBXFileReference; lastKnownFileType = wrapper.framework; name = Foundation.framework; path = System/Library/Frameworks/Foundation.framework; sourceTree = SDKROOT; };
		1D6058910D05DD3D006BFB54 /* imguix-mobile.app */ = {isa = PBXFileReference; explicitFileType = wrapper.application; includeInIndex = 0; path = "imguix-mobile.app"; sourceTree = BUILT_PRODUCTS_DIR; };
		1DF5F4DF0D08C38300B7A737 /* UIKit.framework */ = {isa = PBXFileReference; lastKnownFileType = wrapper.framework; name = UIKit.framework; path = System/Library/Frameworks/UIKit.framework; sourceTree = SDKROOT; };
		256BC42945DEDEC791666869 /* main.cpp */ = {isa = PBXFileReference; includeInIndex = 1; name = main.cpp; path = ../proj.ios_mac/mac/main.cpp; sourceTree = "<group>"; };
		26DDB89185FEC89057D1F332 /* Icon-152.png */ = {isa = PBXFileReference; includeInIndex = 1; lastKnownFileType = image.png; name = "Icon-152.png"; path = "../proj.ios_mac/ios/Icon-152.png"; sourceTree = "<group>"; };
		2727F581C226B04ADB3F5BA7 /* ImGuiLayer.cpp */ = {isa = PBXFileReference; includeInIndex = 1; name = ImGuiLayer.cpp; path = CCImGui/ImGuiLayer.cpp; sourceTree = "<group>"; };
		288765A40DF7441C002DB57D /* CoreGraphics.framework */ = {isa = PBXFileReference; lastKnownFileType = wrapper.framework; name = CoreGraphics.framework; path = System/Library/Frameworks/CoreGraphics.framework; sourceTree = SDKROOT; };
		294D0D631D0D56D500F7F5D4 /* CoreText.framework */ = {isa = PBXFileReference; lastKnownFileType = wrapper.framework; name = CoreText.framework; path = Platforms/iPhoneOS.platform/Developer/SDKs/iPhoneOS9.3.sdk/System/Library/Frameworks/CoreText.framework; sourceTree = DEVELOPER_DIR; };
		4412C44E4A205CB9A11A5B16 /* Icon-80.png */ = {isa = PBXFileReference; includeInIndex = 1; lastKnownFileType = image.png; name = "Icon-80.png"; path = "../proj.ios_mac/ios/Icon-80.png"; sourceTree = "<group>"; };
		499B8314FD7E79EF20F77F2D /* ImGuiManager.cpp */ = {isa = PBXFileReference; includeInIndex = 1; name = ImGuiManager.cpp; path = CCImGui/ImGuiManager.cpp; sourceTree = "<group>"; };
		4CA7F48F9C3D1CDB7D54FE23 /* HelloWorldScene.cpp */ = {isa = PBXFileReference; includeInIndex = 1; path = HelloWorldScene.cpp; sourceTree = "<group>"; };
		503AE0F617EB97AB00D1A890 /* Icon.icns */ = {isa = PBXFileReference; lastKnownFileType = image.icns; path = Icon.icns; sourceTree = "<group>"; };
		503AE0F717EB97AB00D1A890 /* Info.plist */ = {isa = PBXFileReference; fileEncoding = 4; lastKnownFileType = text.plist.xml; path = Info.plist; sourceTree = "<group>"; };
		503AE0FA17EB989F00D1A890 /* AppController.h */ = {isa = PBXFileReference; fileEncoding = 4; lastKnownFileType = sourcecode.c.h; name = AppController.h; path = ios/AppController.h; sourceTree = SOURCE_ROOT; };
		503AE0FB17EB989F00D1A890 /* AppController.mm */ = {isa = PBXFileReference; fileEncoding = 4; lastKnownFileType = sourcecode.cpp.objcpp; name = AppController.mm; path = ios/AppController.mm; sourceTree = SOURCE_ROOT; };
		503AE0FC17EB989F00D1A890 /* main.m */ = {isa = PBXFileReference; fileEncoding = 4; lastKnownFileType = sourcecode.c.objc; name = main.m; path = ios/main.m; sourceTree = SOURCE_ROOT; };
		503AE0FD17EB989F00D1A890 /* Prefix.pch */ = {isa = PBXFileReference; fileEncoding = 4; lastKnownFileType = sourcecode.c.h; name = Prefix.pch; path = ios/Prefix.pch; sourceTree = SOURCE_ROOT; };
		503AE0FE17EB989F00D1A890 /* RootViewController.h */ = {isa = PBXFileReference; fileEncoding = 4; lastKnownFileType = sourcecode.c.h; name = RootViewController.h; path = ios/RootViewController.h; sourceTree = SOURCE_ROOT; };
		503AE0FF17EB989F00D1A890 /* RootViewController.mm */ = {isa = PBXFileReference; fileEncoding = 4; lastKnownFileType = sourcecode.cpp.objcpp; name = RootViewController.mm; path = ios/RootViewController.mm; sourceTree = SOURCE_ROOT; };
		503AE10317EB98FF00D1A890 /* main.cpp */ = {isa = PBXFileReference; fileEncoding = 4; lastKnownFileType = sourcecode.cpp.cpp; name = main.cpp; path = mac/main.cpp; sourceTree = "<group>"; };
		503AE10417EB98FF00D1A890 /* Prefix.pch */ = {isa = PBXFileReference; fileEncoding = 4; lastKnownFileType = sourcecode.c.h; name = Prefix.pch; path = mac/Prefix.pch; sourceTree = "<group>"; };
		503AE11117EB99EE00D1A890 /* libcurl.dylib */ = {isa = PBXFileReference; lastKnownFileType = "compiled.mach-o.dylib"; name = libcurl.dylib; path = usr/lib/libcurl.dylib; sourceTree = SDKROOT; };
		503AE11A17EB9C5A00D1A890 /* IOKit.framework */ = {isa = PBXFileReference; lastKnownFileType = wrapper.framework; name = IOKit.framework; path = System/Library/Frameworks/IOKit.framework; sourceTree = SDKROOT; };
		5087E76F17EB910900C73F5D /* imguix-desktop.app */ = {isa = PBXFileReference; explicitFileType = wrapper.application; includeInIndex = 0; path = "imguix-desktop.app"; sourceTree = BUILT_PRODUCTS_DIR; };
		5087E77217EB970100C73F5D /* Default-568h@2x.png */ = {isa = PBXFileReference; lastKnownFileType = image.png; path = "Default-568h@2x.png"; sourceTree = "<group>"; };
		5087E77317EB970100C73F5D /* Default.png */ = {isa = PBXFileReference; lastKnownFileType = image.png; path = Default.png; sourceTree = "<group>"; };
		5087E77417EB970100C73F5D /* Default@2x.png */ = {isa = PBXFileReference; lastKnownFileType = image.png; path = "Default@2x.png"; sourceTree = "<group>"; };
		5087E77517EB970100C73F5D /* Icon-114.png */ = {isa = PBXFileReference; lastKnownFileType = image.png; path = "Icon-114.png"; sourceTree = "<group>"; };
		5087E77617EB970100C73F5D /* Icon-120.png */ = {isa = PBXFileReference; lastKnownFileType = image.png; path = "Icon-120.png"; sourceTree = "<group>"; };
		5087E77717EB970100C73F5D /* Icon-144.png */ = {isa = PBXFileReference; lastKnownFileType = image.png; path = "Icon-144.png"; sourceTree = "<group>"; };
		5087E77817EB970100C73F5D /* Icon-152.png */ = {isa = PBXFileReference; lastKnownFileType = image.png; path = "Icon-152.png"; sourceTree = "<group>"; };
		5087E77917EB970100C73F5D /* Icon-57.png */ = {isa = PBXFileReference; lastKnownFileType = image.png; path = "Icon-57.png"; sourceTree = "<group>"; };
		5087E77A17EB970100C73F5D /* Icon-72.png */ = {isa = PBXFileReference; lastKnownFileType = image.png; path = "Icon-72.png"; sourceTree = "<group>"; };
		5087E77B17EB970100C73F5D /* Icon-76.png */ = {isa = PBXFileReference; lastKnownFileType = image.png; path = "Icon-76.png"; sourceTree = "<group>"; };
		5087E77C17EB970100C73F5D /* Info.plist */ = {isa = PBXFileReference; fileEncoding = 4; lastKnownFileType = text.plist.xml; path = Info.plist; sourceTree = "<group>"; };
		5087E78817EB974C00C73F5D /* AppKit.framework */ = {isa = PBXFileReference; lastKnownFileType = wrapper.framework; name = AppKit.framework; path = System/Library/Frameworks/AppKit.framework; sourceTree = SDKROOT; };
		5087E78A17EB975400C73F5D /* OpenGL.framework */ = {isa = PBXFileReference; lastKnownFileType = wrapper.framework; name = OpenGL.framework; path = System/Library/Frameworks/OpenGL.framework; sourceTree = SDKROOT; };
		50EF629217ECD46A001EB2F8 /* Icon-40.png */ = {isa = PBXFileReference; lastKnownFileType = image.png; path = "Icon-40.png"; sourceTree = "<group>"; };
		50EF629317ECD46A001EB2F8 /* Icon-58.png */ = {isa = PBXFileReference; lastKnownFileType = image.png; path = "Icon-58.png"; sourceTree = "<group>"; };
		50EF629417ECD46A001EB2F8 /* Icon-80.png */ = {isa = PBXFileReference; lastKnownFileType = image.png; path = "Icon-80.png"; sourceTree = "<group>"; };
		50EF629517ECD46A001EB2F8 /* Icon-100.png */ = {isa = PBXFileReference; lastKnownFileType = image.png; path = "Icon-100.png"; sourceTree = "<group>"; };
		50EF62A017ECD613001EB2F8 /* Icon-29.png */ = {isa = PBXFileReference; lastKnownFileType = image.png; path = "Icon-29.png"; sourceTree = "<group>"; };
		50EF62A117ECD613001EB2F8 /* Icon-50.png */ = {isa = PBXFileReference; lastKnownFileType = image.png; path = "Icon-50.png"; sourceTree = "<group>"; };
		521A8E6219F0C34300D177D7 /* Default-667h@2x.png */ = {isa = PBXFileReference; lastKnownFileType = image.png; path = "Default-667h@2x.png"; sourceTree = "<group>"; };
		521A8E6319F0C34300D177D7 /* Default-736h@3x.png */ = {isa = PBXFileReference; lastKnownFileType = image.png; path = "Default-736h@3x.png"; sourceTree = "<group>"; };
		52B47A461A53D09B004E4C60 /* Security.framework */ = {isa = PBXFileReference; lastKnownFileType = wrapper.framework; name = Security.framework; path = Platforms/iPhoneOS.platform/Developer/SDKs/iPhoneOS8.1.sdk/System/Library/Frameworks/Security.framework; sourceTree = DEVELOPER_DIR; };
		5B738C0DE4C0E7D31932A2B2 /* Icon-76.png */ = {isa = PBXFileReference; includeInIndex = 1; lastKnownFileType = image.png; name = "Icon-76.png"; path = "../proj.ios_mac/ios/Icon-76.png"; sourceTree = "<group>"; };
		6FFB844A05956A479345A416 /* imgui_impl_glfw_linux_mac.cpp */ = {isa = PBXFileReference; includeInIndex = 1; name = imgui_impl_glfw_linux_mac.cpp; path = CCImGui/platform/imgui_impl_glfw_linux_mac.cpp; sourceTree = "<group>"; };
		78AAD3BA15C634771A116D9E /* Icon-72.png */ = {isa = PBXFileReference; includeInIndex = 1; lastKnownFileType = image.png; name = "Icon-72.png"; path = "../proj.ios_mac/ios/Icon-72.png"; sourceTree = "<group>"; };
		81D60C7FD7E0C3653C38AF90 /* HelloWorld.png */ = {isa = PBXFileReference; includeInIndex = 1; lastKnownFileType = image.png; path = HelloWorld.png; sourceTree = "<group>"; };
		8262943D1AAF051F00CB7CF7 /* Security.framework */ = {isa = PBXFileReference; lastKnownFileType = wrapper.framework; name = Security.framework; path = System/Library/Frameworks/Security.framework; sourceTree = SDKROOT; };
		873FD89B004F3721C3B196C0 /* imgui_draw.cpp */ = {isa = PBXFileReference; includeInIndex = 1; name = imgui_draw.cpp; path = CCImGui/imgui/imgui_draw.cpp; sourceTree = "<group>"; };
		8868A69D434AFA5B17B4FEC0 /* Default-736h@3x.png */ = {isa = PBXFileReference; includeInIndex = 1; lastKnownFileType = image.png; name = "Default-736h@3x.png"; path = "../proj.ios_mac/ios/Default-736h@3x.png"; sourceTree = "<group>"; };
		906E15069345E15F4856662D /* Icon-180.png */ = {isa = PBXFileReference; includeInIndex = 1; lastKnownFileType = image.png; name = "Icon-180.png"; path = "../proj.ios_mac/ios/Icon-180.png"; sourceTree = "<group>"; };
		94029528EA9E0F5C31D4D118 /* RootViewController.mm */ = {isa = PBXFileReference; includeInIndex = 1; name = RootViewController.mm; path = ../proj.ios_mac/ios/RootViewController.mm; sourceTree = "<group>"; };
		98390A20B79663B9B56B747B /* Icon-57.png */ = {isa = PBXFileReference; includeInIndex = 1; lastKnownFileType = image.png; name = "Icon-57.png"; path = "../proj.ios_mac/ios/Icon-57.png"; sourceTree = "<group>"; };
		98EBE3C29E85A8653FAA4261 /* AppDelegate.cpp */ = {isa = PBXFileReference; includeInIndex = 1; path = AppDelegate.cpp; sourceTree = "<group>"; };
		9D19245613CDC564E4F58E3A /* Default@2x.png */ = {isa = PBXFileReference; includeInIndex = 1; lastKnownFileType = image.png; name = "Default@2x.png"; path = "../proj.ios_mac/ios/Default@2x.png"; sourceTree = "<group>"; };
		B1A441686C7ACB5D3EDD9EBD /* Icon-29.png */ = {isa = PBXFileReference; includeInIndex = 1; lastKnownFileType = image.png; name = "Icon-29.png"; path = "../proj.ios_mac/ios/Icon-29.png"; sourceTree = "<group>"; };
		B58E183A0329F139E7E0F870 /* Icon-100.png */ = {isa = PBXFileReference; includeInIndex = 1; lastKnownFileType = image.png; name = "Icon-100.png"; path = "../proj.ios_mac/ios/Icon-100.png"; sourceTree = "<group>"; };
		BA45669B21FA8ABCB04755B8 /* Icon-40.png */ = {isa = PBXFileReference; includeInIndex = 1; lastKnownFileType = image.png; name = "Icon-40.png"; path = "../proj.ios_mac/ios/Icon-40.png"; sourceTree = "<group>"; };
		BF170DB012928DE900B8313A /* OpenGLES.framework */ = {isa = PBXFileReference; lastKnownFileType = wrapper.framework; name = OpenGLES.framework; path = System/Library/Frameworks/OpenGLES.framework; sourceTree = SDKROOT; };
		BF170DB412928DE900B8313A /* libz.dylib */ = {isa = PBXFileReference; lastKnownFileType = "compiled.mach-o.dylib"; name = libz.dylib; path = usr/lib/libz.dylib; sourceTree = SDKROOT; };
		BF1C47EA1293683800B63C5D /* QuartzCore.framework */ = {isa = PBXFileReference; lastKnownFileType = wrapper.framework; name = QuartzCore.framework; path = System/Library/Frameworks/QuartzCore.framework; sourceTree = SDKROOT; };
		CB4E7EBA16CA378ED637CC9A /* imgui_demo.cpp */ = {isa = PBXFileReference; includeInIndex = 1; name = imgui_demo.cpp; path = CCImGui/imgui/imgui_demo.cpp; sourceTree = "<group>"; };
		CE41ADCDDF063C3DB731560E /* Icon-87.png */ = {isa = PBXFileReference; includeInIndex = 1; lastKnownFileType = image.png; name = "Icon-87.png"; path = "../proj.ios_mac/ios/Icon-87.png"; sourceTree = "<group>"; };
		D44C620B132DFF330009C878 /* OpenAL.framework */ = {isa = PBXFileReference; lastKnownFileType = wrapper.framework; name = OpenAL.framework; path = System/Library/Frameworks/OpenAL.framework; sourceTree = SDKROOT; };
		D44C620D132DFF430009C878 /* AVFoundation.framework */ = {isa = PBXFileReference; lastKnownFileType = wrapper.framework; name = AVFoundation.framework; path = System/Library/Frameworks/AVFoundation.framework; sourceTree = SDKROOT; };
		D44C620F132DFF4E0009C878 /* AudioToolbox.framework */ = {isa = PBXFileReference; lastKnownFileType = wrapper.framework; name = AudioToolbox.framework; path = System/Library/Frameworks/AudioToolbox.framework; sourceTree = SDKROOT; };
		D6B0611A1803AB670077942B /* CoreMotion.framework */ = {isa = PBXFileReference; lastKnownFileType = wrapper.framework; name = CoreMotion.framework; path = Platforms/iPhoneOS.platform/Developer/SDKs/iPhoneOS7.0.sdk/System/Library/Frameworks/CoreMotion.framework; sourceTree = DEVELOPER_DIR; };
		D9FB7656E042E82E3073D2AB /* Icon-50.png */ = {isa = PBXFileReference; includeInIndex = 1; lastKnownFileType = image.png; name = "Icon-50.png"; path = "../proj.ios_mac/ios/Icon-50.png"; sourceTree = "<group>"; };
		E211DCEABBC9DE0D0434B512 /* Icon.icns */ = {isa = PBXFileReference; includeInIndex = 1; name = Icon.icns; path = ../proj.ios_mac/mac/Icon.icns; sourceTree = "<group>"; };
		E8CC585AEDB6D694DF7447B4 /* Default.png */ = {isa = PBXFileReference; includeInIndex = 1; lastKnownFileType = image.png; name = Default.png; path = ../proj.ios_mac/ios/Default.png; sourceTree = "<group>"; };
		ECCD89F24BDAA79CA9ACF1AF /* Icon-58.png */ = {isa = PBXFileReference; includeInIndex = 1; lastKnownFileType = image.png; name = "Icon-58.png"; path = "../proj.ios_mac/ios/Icon-58.png"; sourceTree = "<group>"; };
		ED545A7B1B68A1F400C3958E /* libiconv.dylib */ = {isa = PBXFileReference; lastKnownFileType = "compiled.mach-o.dylib"; name = libiconv.dylib; path = Platforms/iPhoneOS.platform/Developer/SDKs/iPhoneOS8.4.sdk/usr/lib/libiconv.dylib; sourceTree = DEVELOPER_DIR; };
		ED545A7D1B68A1FA00C3958E /* libiconv.dylib */ = {isa = PBXFileReference; lastKnownFileType = "compiled.mach-o.dylib"; name = libiconv.dylib; path = usr/lib/libiconv.dylib; sourceTree = SDKROOT; };
		FD23C4AE0A48288A7D1AD34A /* AppController.mm */ = {isa = PBXFileReference; includeInIndex = 1; name = AppController.mm; path = ../proj.ios_mac/ios/AppController.mm; sourceTree = "<group>"; };
/* End PBXFileReference section */

/* Begin PBXFrameworksBuildPhase section */
		1D60588F0D05DD3D006BFB54 /* Frameworks */ = {
			isa = PBXFrameworksBuildPhase;
			buildActionMask = 2147483647;
			files = (
				294D0D641D0D56D500F7F5D4 /* CoreText.framework in Frameworks */,
				ED545A7C1B68A1F400C3958E /* libiconv.dylib in Frameworks */,
				52B47A471A53D09C004E4C60 /* Security.framework in Frameworks */,
				1AC6FB30180E99EB004C840B /* libcocos2d iOS.a in Frameworks */,
				D6B0611B1803AB670077942B /* CoreMotion.framework in Frameworks */,
				1D60589F0D05DD5A006BFB54 /* Foundation.framework in Frameworks */,
				1DF5F4E00D08C38300B7A737 /* UIKit.framework in Frameworks */,
				288765A50DF7441C002DB57D /* CoreGraphics.framework in Frameworks */,
				BF171245129291EC00B8313A /* OpenGLES.framework in Frameworks */,
				BF1712471292920000B8313A /* libz.dylib in Frameworks */,
				BF1C47F01293687400B63C5D /* QuartzCore.framework in Frameworks */,
				D44C620C132DFF330009C878 /* OpenAL.framework in Frameworks */,
				D44C620E132DFF430009C878 /* AVFoundation.framework in Frameworks */,
				D44C6210132DFF4E0009C878 /* AudioToolbox.framework in Frameworks */,
			);
			runOnlyForDeploymentPostprocessing = 0;
		};
		5087E75C17EB910900C73F5D /* Frameworks */ = {
			isa = PBXFrameworksBuildPhase;
			buildActionMask = 2147483647;
			files = (
				ED545A7E1B68A1FA00C3958E /* libiconv.dylib in Frameworks */,
				1AC6FB21180E996B004C840B /* libcocos2d Mac.a in Frameworks */,
				5087E76717EB910900C73F5D /* libz.dylib in Frameworks */,
				8262943E1AAF051F00CB7CF7 /* Security.framework in Frameworks */,
				503AE11B17EB9C5A00D1A890 /* IOKit.framework in Frameworks */,
				5087E78B17EB975400C73F5D /* OpenGL.framework in Frameworks */,
				5087E78917EB974C00C73F5D /* AppKit.framework in Frameworks */,
				5087E76317EB910900C73F5D /* Foundation.framework in Frameworks */,
				5087E76817EB910900C73F5D /* QuartzCore.framework in Frameworks */,
				5087E76917EB910900C73F5D /* OpenAL.framework in Frameworks */,
				5087E76A17EB910900C73F5D /* AVFoundation.framework in Frameworks */,
				5087E76B17EB910900C73F5D /* AudioToolbox.framework in Frameworks */,
			);
			runOnlyForDeploymentPostprocessing = 0;
		};
/* End PBXFrameworksBuildPhase section */

/* Begin PBXGroup section */
		080E96DDFE201D6D7F000001 /* ios */ = {
			isa = PBXGroup;
			children = (
				5087E77117EB970100C73F5D /* Icons */,
				503AE0FA17EB989F00D1A890 /* AppController.h */,
				503AE0FB17EB989F00D1A890 /* AppController.mm */,
				503AE0FC17EB989F00D1A890 /* main.m */,
				503AE0FD17EB989F00D1A890 /* Prefix.pch */,
				503AE0FE17EB989F00D1A890 /* RootViewController.h */,
				503AE0FF17EB989F00D1A890 /* RootViewController.mm */,
			);
			name = ios;
			path = Classes;
			sourceTree = "<group>";
		};
		19C28FACFE9D520D11CA2CBB /* Products */ = {
			isa = PBXGroup;
			children = (
				1D6058910D05DD3D006BFB54 /* imguix-mobile.app */,
				5087E76F17EB910900C73F5D /* imguix-desktop.app */,
			);
			name = Products;
			sourceTree = "<group>";
		};
		1AC6FAE6180E9839004C840B /* Products */ = {
			isa = PBXGroup;
			children = (
				1AC6FAF9180E9839004C840B /* libcocos2d Mac.a */,
				1AC6FB07180E9839004C840B /* libcocos2d iOS.a */,
			);
			name = Products;
			sourceTree = "<group>";
		};
		29B97314FDCFA39411CA2CEA = {
			isa = PBXGroup;
			children = (
				46880B8319C43A87006E1F66 /* Classes */,
				46880B7519C43A67006E1F66 /* Resources */,
				1AC6FAE5180E9839004C840B /* cocos2d_libs.xcodeproj */,
				29B97323FDCFA39411CA2CEA /* Frameworks */,
				080E96DDFE201D6D7F000001 /* ios */,
				503AE10617EB990700D1A890 /* mac */,
				19C28FACFE9D520D11CA2CBB /* Products */,
			);
			name = CustomTemplate;
			sourceTree = "<group>";
		};
		29B97323FDCFA39411CA2CEA /* Frameworks */ = {
			isa = PBXGroup;
			children = (
				294D0D631D0D56D500F7F5D4 /* CoreText.framework */,
				ED545A7D1B68A1FA00C3958E /* libiconv.dylib */,
				ED545A7B1B68A1F400C3958E /* libiconv.dylib */,
				8262943D1AAF051F00CB7CF7 /* Security.framework */,
				52B47A461A53D09B004E4C60 /* Security.framework */,
				D6B0611A1803AB670077942B /* CoreMotion.framework */,
				503AE11A17EB9C5A00D1A890 /* IOKit.framework */,
				503AE11117EB99EE00D1A890 /* libcurl.dylib */,
				5087E78A17EB975400C73F5D /* OpenGL.framework */,
				5087E78817EB974C00C73F5D /* AppKit.framework */,
				1ACB3243164770DE00914215 /* libcurl.a */,
				BF170DB412928DE900B8313A /* libz.dylib */,
				D44C620F132DFF4E0009C878 /* AudioToolbox.framework */,
				D44C620D132DFF430009C878 /* AVFoundation.framework */,
				288765A40DF7441C002DB57D /* CoreGraphics.framework */,
				1D30AB110D05D00D00671497 /* Foundation.framework */,
				D44C620B132DFF330009C878 /* OpenAL.framework */,
				BF170DB012928DE900B8313A /* OpenGLES.framework */,
				BF1C47EA1293683800B63C5D /* QuartzCore.framework */,
				1DF5F4DF0D08C38300B7A737 /* UIKit.framework */,
			);
			name = Frameworks;
			sourceTree = "<group>";
		};
		46880B7519C43A67006E1F66 /* Resources */ = {
			isa = PBXGroup;
			children = (
				157271ECE6B8F7F665597EF1 /* Default-568h@2x.png */,
				17ABF8D225A483E41848E6D1 /* Default-667h@2x.png */,
				8868A69D434AFA5B17B4FEC0 /* Default-736h@3x.png */,
				1211301853DF734057D775C9 /* Default-Landscape~ipad.png */,
				E8CC585AEDB6D694DF7447B4 /* Default.png */,
				9D19245613CDC564E4F58E3A /* Default@2x.png */,
				B58E183A0329F139E7E0F870 /* Icon-100.png */,
				0F0689EA9EC8F7C3746677E7 /* Icon-114.png */,
				012278CB42A29DFB8CBC6499 /* Icon-120.png */,
				18F2164A0AE884EC57E86993 /* Icon-144.png */,
				26DDB89185FEC89057D1F332 /* Icon-152.png */,
				906E15069345E15F4856662D /* Icon-180.png */,
				B1A441686C7ACB5D3EDD9EBD /* Icon-29.png */,
				BA45669B21FA8ABCB04755B8 /* Icon-40.png */,
				D9FB7656E042E82E3073D2AB /* Icon-50.png */,
				98390A20B79663B9B56B747B /* Icon-57.png */,
				ECCD89F24BDAA79CA9ACF1AF /* Icon-58.png */,
				78AAD3BA15C634771A116D9E /* Icon-72.png */,
				5B738C0DE4C0E7D31932A2B2 /* Icon-76.png */,
				4412C44E4A205CB9A11A5B16 /* Icon-80.png */,
				CE41ADCDDF063C3DB731560E /* Icon-87.png */,
				81D60C7FD7E0C3653C38AF90 /* HelloWorld.png */,
				E211DCEABBC9DE0D0434B512 /* Icon.icns */,
			);
			name = Resources;
			path = ../Resources;
			sourceTree = "<group>";
		};
		46880B8319C43A87006E1F66 /* Classes */ = {
			isa = PBXGroup;
			children = (
				FD23C4AE0A48288A7D1AD34A /* AppController.mm */,
				94029528EA9E0F5C31D4D118 /* RootViewController.mm */,
				98EBE3C29E85A8653FAA4261 /* AppDelegate.cpp */,
				4CA7F48F9C3D1CDB7D54FE23 /* HelloWorldScene.cpp */,
				499B8314FD7E79EF20F77F2D /* ImGuiManager.cpp */,
				2727F581C226B04ADB3F5BA7 /* ImGuiLayer.cpp */,
				0775DCCBE51C252ED4D201BF /* imgui.cpp */,
				CB4E7EBA16CA378ED637CC9A /* imgui_demo.cpp */,
				873FD89B004F3721C3B196C0 /* imgui_draw.cpp */,
				6FFB844A05956A479345A416 /* imgui_impl_glfw_linux_mac.cpp */,
				256BC42945DEDEC791666869 /* main.cpp */,
			);
			name = Classes;
			path = ../Classes;
			sourceTree = "<group>";
		};
		503AE0F517EB97AB00D1A890 /* Icons */ = {
			isa = PBXGroup;
			children = (
				503AE0F617EB97AB00D1A890 /* Icon.icns */,
				503AE0F717EB97AB00D1A890 /* Info.plist */,
			);
			name = Icons;
			path = mac;
			sourceTree = SOURCE_ROOT;
		};
		503AE10617EB990700D1A890 /* mac */ = {
			isa = PBXGroup;
			children = (
				503AE0F517EB97AB00D1A890 /* Icons */,
				503AE10317EB98FF00D1A890 /* main.cpp */,
				503AE10417EB98FF00D1A890 /* Prefix.pch */,
			);
			name = mac;
			sourceTree = "<group>";
		};
		5087E77117EB970100C73F5D /* Icons */ = {
			isa = PBXGroup;
			children = (
				521A8E6219F0C34300D177D7 /* Default-667h@2x.png */,
				521A8E6319F0C34300D177D7 /* Default-736h@3x.png */,
				5087E77217EB970100C73F5D /* Default-568h@2x.png */,
				5087E77317EB970100C73F5D /* Default.png */,
				5087E77417EB970100C73F5D /* Default@2x.png */,
				50EF62A017ECD613001EB2F8 /* Icon-29.png */,
				50EF62A117ECD613001EB2F8 /* Icon-50.png */,
				50EF629217ECD46A001EB2F8 /* Icon-40.png */,
				50EF629317ECD46A001EB2F8 /* Icon-58.png */,
				50EF629417ECD46A001EB2F8 /* Icon-80.png */,
				50EF629517ECD46A001EB2F8 /* Icon-100.png */,
				5087E77517EB970100C73F5D /* Icon-114.png */,
				5087E77617EB970100C73F5D /* Icon-120.png */,
				5087E77717EB970100C73F5D /* Icon-144.png */,
				5087E77817EB970100C73F5D /* Icon-152.png */,
				5087E77917EB970100C73F5D /* Icon-57.png */,
				5087E77A17EB970100C73F5D /* Icon-72.png */,
				5087E77B17EB970100C73F5D /* Icon-76.png */,
				5087E77C17EB970100C73F5D /* Info.plist */,
			);
			name = Icons;
			path = ios;
			sourceTree = SOURCE_ROOT;
		};
/* End PBXGroup section */

/* Begin PBXHeadersBuildPhase section */
		68C83EC5860690A39A15341E /* Headers */ = {
			isa = PBXHeadersBuildPhase;
			buildActionMask = 2147483647;
			files = (
			);
			runOnlyForDeploymentPostprocessing = 0;
		};
		9852B028C0E5CF1835C6F5CA /* Headers */ = {
			isa = PBXHeadersBuildPhase;
			buildActionMask = 2147483647;
			files = (
			);
			runOnlyForDeploymentPostprocessing = 0;
		};
/* End PBXHeadersBuildPhase section */

/* Begin PBXNativeTarget section */
		1D6058900D05DD3D006BFB54 /* imguix-mobile */ = {
			isa = PBXNativeTarget;
			buildConfigurationList = 1D6058960D05DD3E006BFB54 /* Build configuration list for PBXNativeTarget "imguix-mobile" */;
			buildPhases = (
				1D60588D0D05DD3D006BFB54 /* Resources */,
				1D60588E0D05DD3D006BFB54 /* Sources */,
				1D60588F0D05DD3D006BFB54 /* Frameworks */,
				9852B028C0E5CF1835C6F5CA /* Headers */,
			);
			buildRules = (
			);
			dependencies = (
				1AC6FB25180E99E1004C840B /* PBXTargetDependency */,
			);
			name = "imguix-mobile";
			productName = iphone;
			productReference = 1D6058910D05DD3D006BFB54 /* imguix-mobile.app */;
			productType = "com.apple.product-type.application";
		};
		5087E73D17EB910900C73F5D /* imguix-desktop */ = {
			isa = PBXNativeTarget;
			buildConfigurationList = 5087E76C17EB910900C73F5D /* Build configuration list for PBXNativeTarget "imguix-desktop" */;
			buildPhases = (
				5087E74817EB910900C73F5D /* Resources */,
				5087E75617EB910900C73F5D /* Sources */,
				5087E75C17EB910900C73F5D /* Frameworks */,
				68C83EC5860690A39A15341E /* Headers */,
			);
			buildRules = (
			);
			dependencies = (
				1AC6FB16180E9959004C840B /* PBXTargetDependency */,
			);
			name = "imguix-desktop";
			productName = iphone;
			productReference = 5087E76F17EB910900C73F5D /* imguix-desktop.app */;
			productType = "com.apple.product-type.application";
		};
/* End PBXNativeTarget section */

/* Begin PBXProject section */
		29B97313FDCFA39411CA2CEA /* Project object */ = {
			isa = PBXProject;
			attributes = {
				LastUpgradeCheck = 0500;
			};
			buildConfigurationList = C01FCF4E08A954540054247B /* Build configuration list for PBXProject "imguix" */;
			compatibilityVersion = "Xcode 3.2";
			developmentRegion = English;
			hasScannedForEncodings = 1;
			knownRegions = (
				English,
				Japanese,
				French,
				German,
			);
			mainGroup = 29B97314FDCFA39411CA2CEA;
			productRefGroup = 19C28FACFE9D520D11CA2CBB /* Products */;
			projectDirPath = "";
			projectReferences = (
				{
					ProductGroup = 1AC6FAE6180E9839004C840B /* Products */;
					ProjectRef = 1AC6FAE5180E9839004C840B /* cocos2d_libs.xcodeproj */;
				},
			);
			projectRoot = "";
			targets = (
				1D6058900D05DD3D006BFB54 /* imguix-mobile */,
				5087E73D17EB910900C73F5D /* imguix-desktop */,
			);
		};
/* End PBXProject section */

/* Begin PBXReferenceProxy section */
		1AC6FAF9180E9839004C840B /* libcocos2d Mac.a */ = {
			isa = PBXReferenceProxy;
			fileType = archive.ar;
			path = "libcocos2d Mac.a";
			remoteRef = 1AC6FAF8180E9839004C840B /* PBXContainerItemProxy */;
			sourceTree = BUILT_PRODUCTS_DIR;
		};
		1AC6FB07180E9839004C840B /* libcocos2d iOS.a */ = {
			isa = PBXReferenceProxy;
			fileType = archive.ar;
			path = "libcocos2d iOS.a";
			remoteRef = 1AC6FB06180E9839004C840B /* PBXContainerItemProxy */;
			sourceTree = BUILT_PRODUCTS_DIR;
		};
/* End PBXReferenceProxy section */

/* Begin PBXResourcesBuildPhase section */
		1D60588D0D05DD3D006BFB54 /* Resources */ = {
			isa = PBXResourcesBuildPhase;
			buildActionMask = 2147483647;
			files = (
				B2BCD4C2DB0A5B20B25F3D89 /* Default-568h@2x.png in Resources */,
				E4450BFF7BAECA1202B04D22 /* Default-667h@2x.png in Resources */,
				9D5BC65DECB8025DFFF83F52 /* Default-736h@3x.png in Resources */,
				66647950A25BAF984DB29960 /* Default-Landscape~ipad.png in Resources */,
				E2245F8E96F67751DA13D754 /* Default.png in Resources */,
				742E38BB25406F4E5A3AD1C8 /* Default@2x.png in Resources */,
				4C7A74E2C20A242C3148A3CE /* Icon-100.png in Resources */,
				9DB87781A8F6CC17596CF50F /* Icon-114.png in Resources */,
				C20588144192E38FCDC6A4CE /* Icon-120.png in Resources */,
				DC54404FD6667A496A7929EA /* Icon-144.png in Resources */,
				6DEB63CE8D134C5B19A2D608 /* Icon-152.png in Resources */,
				862D33FE80028CFF79DE3B1E /* Icon-180.png in Resources */,
				272A85FA27C5EC63DC8C8874 /* Icon-29.png in Resources */,
				EE9CBBBDEBABF4C209AF845A /* Icon-40.png in Resources */,
				20DB8202746309291E068CDA /* Icon-50.png in Resources */,
				F99AD41FC0D0F05CDA38F891 /* Icon-57.png in Resources */,
				C5E32B3EDBAB1E65B6A012F5 /* Icon-58.png in Resources */,
				0EA76D8DE7AA0AFBFD6B33EE /* Icon-72.png in Resources */,
				B0A5E5741B828F0AEB5E10BF /* Icon-76.png in Resources */,
				73ABA39A6D051BD56EE23C4B /* Icon-80.png in Resources */,
				2F3138075C01E94C5F9A5935 /* Icon-87.png in Resources */,
				661291BBA9774749E9A9A0E4 /* HelloWorld.png in Resources */,
			);
			runOnlyForDeploymentPostprocessing = 0;
		};
		5087E74817EB910900C73F5D /* Resources */ = {
			isa = PBXResourcesBuildPhase;
			buildActionMask = 2147483647;
			files = (
				074CE0C1EFA75F57B7BDD70E /* Icon.icns in Resources */,
				9F59D9FE33154E3BFF9DFD57 /* HelloWorld.png in Resources */,
			);
			runOnlyForDeploymentPostprocessing = 0;
		};
/* End PBXResourcesBuildPhase section */

/* Begin PBXSourcesBuildPhase section */
		1D60588E0D05DD3D006BFB54 /* Sources */ = {
			isa = PBXSourcesBuildPhase;
			buildActionMask = 2147483647;
			files = (
				C80A6F251E07C5190BB7A0C4 /* AppController.mm in Sources */,
				E3DDED65067508B123CCA0AC /* RootViewController.mm in Sources */,
				18116A313EF1EDB3A9171450 /* AppDelegate.cpp in Sources */,
				57E6862128C31F0C63786C52 /* HelloWorldScene.cpp in Sources */,
				B1BBE5914D3BAAACEC62D23E /* ImGuiManager.cpp in Sources */,
				919E535493AE8AE7C3FA750E /* ImGuiLayer.cpp in Sources */,
				A7A2ECB933EC40962CC1FEF5 /* imgui.cpp in Sources */,
				A97582DC372C83E7FAF378F0 /* imgui_demo.cpp in Sources */,
				60AF1A02F267B9018E4DF3B1 /* imgui_draw.cpp in Sources */,
				10BC5765571FC80755D10499 /* imgui_impl_glfw_linux_mac.cpp in Sources */,
			);
			runOnlyForDeploymentPostprocessing = 0;
		};
		5087E75617EB910900C73F5D /* Sources */ = {
			isa = PBXSourcesBuildPhase;
			buildActionMask = 2147483647;
			files = (
				24EF44139471EA3A28DF0614 /* main.cpp in Sources */,
				0C1E8F19FF67719CCD8F3C67 /* AppDelegate.cpp in Sources */,
				77EAD5AAD4B9029F299E5DB8 /* HelloWorldScene.cpp in Sources */,
				09AEE0A67AEBCDD69FC16CB0 /* ImGuiManager.cpp in Sources */,
				9778D58D76736B67BE07A103 /* ImGuiLayer.cpp in Sources */,
				732D6E8FBE0368D033ED0BF1 /* imgui.cpp in Sources */,
				24279456146C9177B7FC64C5 /* imgui_demo.cpp in Sources */,
				BBE0C17386D7494D24E48DC0 /* imgui_draw.cpp in Sources */,
				646085D5C11C5D2F465DE434 /* imgui_impl_glfw_linux_mac.cpp in Sources */,
			);
			runOnlyForDeploymentPostprocessing = 0;
		};
/* End PBXSourcesBuildPhase section */

/* Begin PBXTargetDependency section */
		1AC6FB16180E9959004C840B /* PBXTargetDependency */ = {
			isa = PBXTargetDependency;
			name = "cocos2dx Mac";
			targetProxy = 1AC6FB15180E9959004C840B /* PBXContainerItemProxy */;
		};
		1AC6FB25180E99E1004C840B /* PBXTargetDependency */ = {
			isa = PBXTargetDependency;
			name = "cocos2dx iOS";
			targetProxy = 1AC6FB24180E99E1004C840B /* PBXContainerItemProxy */;
		};
/* End PBXTargetDependency section */

/* Begin XCBuildConfiguration section */
		1D6058940D05DD3E006BFB54 /* Debug */ = {
			isa = XCBuildConfiguration;
			buildSettings = {
				ALWAYS_SEARCH_USER_PATHS = YES;
				CODE_SIGN_IDENTITY = "iPhone Developer";
				COMPRESS_PNG_FILES = NO;
				ENABLE_BITCODE = NO;
				GCC_DYNAMIC_NO_PIC = NO;
				GCC_INLINES_ARE_PRIVATE_EXTERN = NO;
				GCC_PRECOMPILE_PREFIX_HEADER = YES;
				GCC_PREFIX_HEADER = ios/Prefix.pch;
				GCC_PREPROCESSOR_DEFINITIONS = (
					USE_FILE32API,
					"COCOS2D_DEBUG=1",
					"CC_ENABLE_CHIPMUNK_INTEGRATION=1",
					SQLITE_HAS_CODEC,
					"CODEC_TYPE=CODEC_TYPE_AES128",
					"SQLITE_DEFAULT_WAL_SYNCHRONOUS=1",
				);
				GCC_SYMBOLS_PRIVATE_EXTERN = NO;
				HEADER_SEARCH_PATHS = (
					"$(inherited)",
					"$(SRCROOT)/../Classes",
				);
				INFOPLIST_FILE = ios/Info.plist;
				IPHONEOS_DEPLOYMENT_TARGET = 6.0;
				LIBRARY_SEARCH_PATHS = "";
				OTHER_LDFLAGS = (
					"$(_COCOS_LIB_IOS_BEGIN)",
					"$(_COCOS_LIB_IOS_END)",
				);
				SDKROOT = iphoneos;
				STRIP_PNG_TEXT = NO;
				TARGETED_DEVICE_FAMILY = "1,2";
				USER_HEADER_SEARCH_PATHS = "$(_COCOS_HEADER_IOS_BEGIN) $(_COCOS_HEADER_IOS_END)";
				VALID_ARCHS = "arm64 armv7";
			};
			name = Debug;
		};
		1D6058950D05DD3E006BFB54 /* Release */ = {
			isa = XCBuildConfiguration;
			buildSettings = {
				ALWAYS_SEARCH_USER_PATHS = YES;
				CODE_SIGN_IDENTITY = "iPhone Developer";
				COMPRESS_PNG_FILES = NO;
				ENABLE_BITCODE = NO;
				GCC_INLINES_ARE_PRIVATE_EXTERN = NO;
				GCC_PRECOMPILE_PREFIX_HEADER = YES;
				GCC_PREFIX_HEADER = ios/Prefix.pch;
				GCC_PREPROCESSOR_DEFINITIONS = (
					USE_FILE32API,
					"CC_ENABLE_CHIPMUNK_INTEGRATION=1",
					NDEBUG,
					SQLITE_HAS_CODEC,
					"CODEC_TYPE=CODEC_TYPE_AES128",
					"SQLITE_DEFAULT_WAL_SYNCHRONOUS=1",
				);
				GCC_SYMBOLS_PRIVATE_EXTERN = NO;
				HEADER_SEARCH_PATHS = (
					"$(inherited)",
					"$(SRCROOT)/../Classes",
				);
				INFOPLIST_FILE = ios/Info.plist;
				IPHONEOS_DEPLOYMENT_TARGET = 6.0;
				LIBRARY_SEARCH_PATHS = "";
				OTHER_LDFLAGS = (
					"$(_COCOS_LIB_IOS_BEGIN)",
					"$(_COCOS_LIB_IOS_END)",
				);
				SDKROOT = iphoneos;
				STRIP_PNG_TEXT = NO;
				TARGETED_DEVICE_FAMILY = "1,2";
				USER_HEADER_SEARCH_PATHS = "$(_COCOS_HEADER_IOS_BEGIN) $(_COCOS_HEADER_IOS_END)";
				VALID_ARCHS = "arm64 armv7";
			};
			name = Release;
		};
		5087E76D17EB910900C73F5D /* Debug */ = {
			isa = XCBuildConfiguration;
			buildSettings = {
				ALWAYS_SEARCH_USER_PATHS = YES;
				ARCHS = "$(ARCHS_STANDARD_64_BIT)";
				CLANG_CXX_LANGUAGE_STANDARD = "c++0x";
				CLANG_CXX_LIBRARY = "libc++";
				GCC_DYNAMIC_NO_PIC = NO;
				GCC_INLINES_ARE_PRIVATE_EXTERN = NO;
				GCC_PRECOMPILE_PREFIX_HEADER = YES;
				GCC_PREFIX_HEADER = mac/Prefix.pch;
				GCC_PREPROCESSOR_DEFINITIONS = (
					USE_FILE32API,
					"COCOS2D_DEBUG=1",
					"CC_ENABLE_CHIPMUNK_INTEGRATION=1",
					SQLITE_HAS_CODEC,
					"CODEC_TYPE=CODEC_TYPE_AES128",
					"SQLITE_DEFAULT_WAL_SYNCHRONOUS=1",
				);
				GCC_SYMBOLS_PRIVATE_EXTERN = NO;
				HEADER_SEARCH_PATHS = (
					"$(inherited)",
					"$(SRCROOT)/../cocos2d/external/glfw3/include/mac",
					"$(SRCROOT)/../Classes",
				);
				INFOPLIST_FILE = mac/Info.plist;
				LIBRARY_SEARCH_PATHS = "";
				OTHER_LDFLAGS = (
					"$(_COCOS_LIB_MAC_BEGIN)",
					"$(_COCOS_LIB_MAC_END)",
				);
				USER_HEADER_SEARCH_PATHS = "$(_COCOS_HEADER_MAC_BEGIN) $(_COCOS_HEADER_MAC_END)";
			};
			name = Debug;
		};
		5087E76E17EB910900C73F5D /* Release */ = {
			isa = XCBuildConfiguration;
			buildSettings = {
				ALWAYS_SEARCH_USER_PATHS = YES;
				ARCHS = "$(ARCHS_STANDARD_64_BIT)";
				CLANG_CXX_LANGUAGE_STANDARD = "c++0x";
				CLANG_CXX_LIBRARY = "libc++";
				GCC_INLINES_ARE_PRIVATE_EXTERN = NO;
				GCC_PRECOMPILE_PREFIX_HEADER = YES;
				GCC_PREFIX_HEADER = mac/Prefix.pch;
				GCC_PREPROCESSOR_DEFINITIONS = (
					USE_FILE32API,
					"CC_ENABLE_CHIPMUNK_INTEGRATION=1",
					NDEBUG,
					SQLITE_HAS_CODEC,
					"CODEC_TYPE=CODEC_TYPE_AES128",
					"SQLITE_DEFAULT_WAL_SYNCHRONOUS=1",
				);
				GCC_SYMBOLS_PRIVATE_EXTERN = NO;
				HEADER_SEARCH_PATHS = (
					"$(inherited)",
					"$(SRCROOT)/../cocos2d/external/glfw3/include/mac",
					"$(SRCROOT)/../Classes",
				);
				INFOPLIST_FILE = mac/Info.plist;
				LIBRARY_SEARCH_PATHS = "";
				OTHER_LDFLAGS = (
					"$(_COCOS_LIB_MAC_BEGIN)",
					"$(_COCOS_LIB_MAC_END)",
				);
				USER_HEADER_SEARCH_PATHS = "$(_COCOS_HEADER_MAC_BEGIN) $(_COCOS_HEADER_MAC_END)";
			};
			name = Release;
		};
		C01FCF4F08A954540054247B /* Debug */ = {
			isa = XCBuildConfiguration;
			buildSettings = {
				CLANG_CXX_LANGUAGE_STANDARD = "c++0x";
				CLANG_CXX_LIBRARY = "libc++";
				COPY_PHASE_STRIP = NO;
				GCC_OPTIMIZATION_LEVEL = 0;
				GCC_WARN_ABOUT_RETURN_TYPE = YES;
				GCC_WARN_UNUSED_VARIABLE = YES;
				HEADER_SEARCH_PATHS = (
					"$(SRCROOT)/../cocos2d",
					"$(SRCROOT)/../cocos2d/cocos/audio/include",
					"$(SRCROOT)/../cocos2d/cocos",
					"$(SRCROOT)/../cocos2d/extensions",
					"$(SRCROOT)/../cocos2d/external",
					"$(SRCROOT)/../cocos2d/external/chipmunk/include/chipmunk",
				);
				IPHONEOS_DEPLOYMENT_TARGET = 6.0;
				MACOSX_DEPLOYMENT_TARGET = 10.7;
				ONLY_ACTIVE_ARCH = YES;
				PRODUCT_NAME = "$(TARGET_NAME)";
				SDKROOT = macosx;
			};
			name = Debug;
		};
		C01FCF5008A954540054247B /* Release */ = {
			isa = XCBuildConfiguration;
			buildSettings = {
				CLANG_CXX_LANGUAGE_STANDARD = "c++0x";
				CLANG_CXX_LIBRARY = "libc++";
				GCC_WARN_ABOUT_RETURN_TYPE = YES;
				GCC_WARN_UNUSED_VARIABLE = YES;
				HEADER_SEARCH_PATHS = (
					"$(SRCROOT)/../cocos2d",
					"$(SRCROOT)/../cocos2d/cocos/audio/include",
					"$(SRCROOT)/../cocos2d/cocos",
					"$(SRCROOT)/../cocos2d/extensions",
					"$(SRCROOT)/../cocos2d/external",
					"$(SRCROOT)/../cocos2d/external/chipmunk/include/chipmunk",
				);
				IPHONEOS_DEPLOYMENT_TARGET = 6.0;
				MACOSX_DEPLOYMENT_TARGET = 10.7;
				OTHER_CFLAGS = "-DNS_BLOCK_ASSERTIONS=1";
				PRODUCT_NAME = "$(TARGET_NAME)";
				SDKROOT = macosx;
				VALIDATE_PRODUCT = YES;
			};
			name = Release;
		};
/* End XCBuildConfiguration section */

/* Begin XCConfigurationList section */
		1D6058960D05DD3E006BFB54 /* Build configuration list for PBXNativeTarget "imguix-mobile" */ = {
			isa = XCConfigurationList;
			buildConfigurations = (
				1D6058940D05DD3E006BFB54 /* Debug */,
				1D6058950D05DD3E006BFB54 /* Release */,
			);
			defaultConfigurationIsVisible = 0;
			defaultConfigurationName = Debug;
		};
		5087E76C17EB910900C73F5D /* Build configuration list for PBXNativeTarget "imguix-desktop" */ = {
			isa = XCConfigurationList;
			buildConfigurations = (
				5087E76D17EB910900C73F5D /* Debug */,
				5087E76E17EB910900C73F5D /* Release */,
			);
			defaultConfigurationIsVisible = 0;
			defaultConfigurationName = Debug;
		};
		C01FCF4E08A954540054247B /* Build configuration list for PBXProject "imguix" */ = {
			isa = XCConfigurationList;
			buildConfigurations = (
				C01FCF4F08A954540054247B /* Debug */,
				C01FCF5008A954540054247B /* Release */,
			);
			defaultConfigurationIsVisible = 0;
			defaultConfigurationName = Debug;
		};
/* End XCConfigurationList section */
	};
	rootObject = 29B97313FDCFA39411CA2CEA /* Project object */;
}
